
Microsoft Visual Studio Solution File, Format Version 12.00
# Visual Studio Version 18
VisualStudioVersion = 18.0.11018.127
MinimumVisualStudioVersion = 10.0.40219.1
Project("{2150E333-8FDC-42A3-9474-1A3956D46DE8}") = "Api", "Api", "{A5F9B619-E8B3-47C7-9D1C-3A9B2F447201}"
EndProject
Project("{2150E333-8FDC-42A3-9474-1A3956D46DE8}") = "Core", "Core", "{A5F9B619-E8B3-47C7-9D1C-3A9B2F447202}"
EndProject
Project("{2150E333-8FDC-42A3-9474-1A3956D46DE8}") = "Infrastructure", "Infrastructure", "{A5F9B619-E8B3-47C7-9D1C-3A9B2F447203}"
EndProject
Project("{2150E333-8FDC-42A3-9474-1A3956D46DE8}") = "Shared", "Shared", "{A5F9B619-E8B3-47C7-9D1C-3A9B2F447205}"
EndProject
Project("{FAE04EC0-301F-11D3-BF4B-00C04F79EFBC}") = "MathComps.Domain", "src\Core\MathComps.Domain\MathComps.Domain.csproj", "{8CE98300-260E-4E34-91C0-F8D3712F8440}"
EndProject
Project("{FAE04EC0-301F-11D3-BF4B-00C04F79EFBC}") = "MathComps.Infrastructure", "src\Infrastructure\MathComps.Infrastructure\MathComps.Infrastructure.csproj", "{A2ECE983-3E48-4D97-A784-D8D26073FEB4}"
EndProject
Project("{FAE04EC0-301F-11D3-BF4B-00C04F79EFBC}") = "MathComps.Api", "src\Api\MathComps.Api\MathComps.Api.csproj", "{EC0F7E27-9559-4BD3-B83C-BC71431A4ACC}"
EndProject
Project("{2150E333-8FDC-42A3-9474-1A3956D46DE8}") = "Tests", "Tests", "{0AB3BF05-4346-4AA6-1389-037BE0695223}"
EndProject
Project("{FAE04EC0-301F-11D3-BF4B-00C04F79EFBC}") = "MathComps.TexParser", "src\Core\MathComps.TexParser\MathComps.TexParser.csproj", "{A8CC29CD-356A-F3EF-E5DF-A8D86CE248D4}"
EndProject
Project("{FAE04EC0-301F-11D3-BF4B-00C04F79EFBC}") = "MathComps.Cli.Handouts", "src\Tools\MathComps.Cli.Handouts\MathComps.Cli.Handouts.csproj", "{BA7AEE3D-D7A0-F2B3-B6C8-834A3F953DEF}"
EndProject
Project("{FAE04EC0-301F-11D3-BF4B-00C04F79EFBC}") = "MathComps.Cli.SkmoProblems", "src\Tools\MathComps.Cli.SkmoProblems\MathComps.Cli.SkmoProblems.csproj", "{7A251D4D-FAA2-A78A-52E2-9FB439276BE9}"
EndProject
Project("{FAE04EC0-301F-11D3-BF4B-00C04F79EFBC}") = "MathComps.Shared", "src\Shared\MathComps.Shared\MathComps.Shared.csproj", "{BC150150-02C5-0192-A9BA-9C612624C073}"
EndProject
Project("{2150E333-8FDC-42A3-9474-1A3956D46DE8}") = "Solution Items", "Solution Items", "{8EC462FD-D22E-90A8-E5CE-7E832BA40C5D}"
	ProjectSection(SolutionItems) = preProject
		.editorconfig = .editorconfig
		Directory.Build.props = Directory.Build.props
		Directory.Packages.props = Directory.Packages.props
	EndProjectSection
EndProject
Project("{2150E333-8FDC-42A3-9474-1A3956D46DE8}") = "Source", "Source", "{319F5F97-04B7-4E30-881C-84106CEE0334}"
EndProject
Project("{FAE04EC0-301F-11D3-BF4B-00C04F79EFBC}") = "MathComps.Cli.DatabaseSeeder", "src\Tools\MathComps.Cli.DatabaseSeeder\MathComps.Cli.DatabaseSeeder.csproj", "{39529037-991D-C786-37FB-CFA3475D34F1}"
EndProject
Project("{FAE04EC0-301F-11D3-BF4B-00C04F79EFBC}") = "MathComps.Cli.Tagging", "src\Tools\MathComps.Cli.Tagging\MathComps.Cli.Tagging.csproj", "{02311656-C82F-4707-BADB-7272C8E039F1}"
EndProject
Project("{FAE04EC0-301F-11D3-BF4B-00C04F79EFBC}") = "MathComps.Cli.Similarity", "src\Tools\MathComps.Cli.Similarity\MathComps.Cli.Similarity.csproj", "{DDCB0F26-9110-0D22-C293-283B92319DAA}"
EndProject
Project("{FAE04EC0-301F-11D3-BF4B-00C04F79EFBC}") = "MathComps.Shared.Cli", "src\Shared\MathComps.Shared.Cli\MathComps.Shared.Cli.csproj", "{520E7AF8-D45F-46D8-B711-52D1ECEE4BE7}"
EndProject
Project("{FAE04EC0-301F-11D3-BF4B-00C04F79EFBC}") = "MathComps.Cli.SkmoScraper", "src\Tools\MathComps.Cli.SkmoScraper\MathComps.Cli.SkmoScraper.csproj", "{36B615D4-B5DC-479C-8E8D-DF631477D555}"
EndProject
Project("{2150E333-8FDC-42A3-9474-1A3956D46DE8}") = "Tools", "Tools", "{EF999251-ED8C-499B-AA47-17F8E79163A0}"
EndProject
Project("{FAE04EC0-301F-11D3-BF4B-00C04F79EFBC}") = "MathComps.Infrastructure.Tests", "tests\MathComps.Infrastructure.Tests\MathComps.Infrastructure.Tests.csproj", "{B523F82D-93F9-4A9C-BE45-4AA6BF63B08B}"
EndProject
Global
	GlobalSection(SolutionConfigurationPlatforms) = preSolution
		Debug|Any CPU = Debug|Any CPU
		Debug|x64 = Debug|x64
		Debug|x86 = Debug|x86
		Release|Any CPU = Release|Any CPU
		Release|x64 = Release|x64
		Release|x86 = Release|x86
	EndGlobalSection
	GlobalSection(ProjectConfigurationPlatforms) = postSolution
		{8CE98300-260E-4E34-91C0-F8D3712F8440}.Debug|Any CPU.ActiveCfg = Debug|Any CPU
		{8CE98300-260E-4E34-91C0-F8D3712F8440}.Debug|Any CPU.Build.0 = Debug|Any CPU
		{8CE98300-260E-4E34-91C0-F8D3712F8440}.Debug|x64.ActiveCfg = Debug|Any CPU
		{8CE98300-260E-4E34-91C0-F8D3712F8440}.Debug|x64.Build.0 = Debug|Any CPU
		{8CE98300-260E-4E34-91C0-F8D3712F8440}.Debug|x86.ActiveCfg = Debug|Any CPU
		{8CE98300-260E-4E34-91C0-F8D3712F8440}.Debug|x86.Build.0 = Debug|Any CPU
		{8CE98300-260E-4E34-91C0-F8D3712F8440}.Release|Any CPU.ActiveCfg = Release|Any CPU
		{8CE98300-260E-4E34-91C0-F8D3712F8440}.Release|Any CPU.Build.0 = Release|Any CPU
		{8CE98300-260E-4E34-91C0-F8D3712F8440}.Release|x64.ActiveCfg = Release|Any CPU
		{8CE98300-260E-4E34-91C0-F8D3712F8440}.Release|x64.Build.0 = Release|Any CPU
		{8CE98300-260E-4E34-91C0-F8D3712F8440}.Release|x86.ActiveCfg = Release|Any CPU
		{8CE98300-260E-4E34-91C0-F8D3712F8440}.Release|x86.Build.0 = Release|Any CPU
		{A2ECE983-3E48-4D97-A784-D8D26073FEB4}.Debug|Any CPU.ActiveCfg = Debug|Any CPU
		{A2ECE983-3E48-4D97-A784-D8D26073FEB4}.Debug|Any CPU.Build.0 = Debug|Any CPU
		{A2ECE983-3E48-4D97-A784-D8D26073FEB4}.Debug|x64.ActiveCfg = Debug|Any CPU
		{A2ECE983-3E48-4D97-A784-D8D26073FEB4}.Debug|x64.Build.0 = Debug|Any CPU
		{A2ECE983-3E48-4D97-A784-D8D26073FEB4}.Debug|x86.ActiveCfg = Debug|Any CPU
		{A2ECE983-3E48-4D97-A784-D8D26073FEB4}.Debug|x86.Build.0 = Debug|Any CPU
		{A2ECE983-3E48-4D97-A784-D8D26073FEB4}.Release|Any CPU.ActiveCfg = Release|Any CPU
		{A2ECE983-3E48-4D97-A784-D8D26073FEB4}.Release|Any CPU.Build.0 = Release|Any CPU
		{A2ECE983-3E48-4D97-A784-D8D26073FEB4}.Release|x64.ActiveCfg = Release|Any CPU
		{A2ECE983-3E48-4D97-A784-D8D26073FEB4}.Release|x64.Build.0 = Release|Any CPU
		{A2ECE983-3E48-4D97-A784-D8D26073FEB4}.Release|x86.ActiveCfg = Release|Any CPU
		{A2ECE983-3E48-4D97-A784-D8D26073FEB4}.Release|x86.Build.0 = Release|Any CPU
		{EC0F7E27-9559-4BD3-B83C-BC71431A4ACC}.Debug|Any CPU.ActiveCfg = Debug|Any CPU
		{EC0F7E27-9559-4BD3-B83C-BC71431A4ACC}.Debug|Any CPU.Build.0 = Debug|Any CPU
		{EC0F7E27-9559-4BD3-B83C-BC71431A4ACC}.Debug|x64.ActiveCfg = Debug|Any CPU
		{EC0F7E27-9559-4BD3-B83C-BC71431A4ACC}.Debug|x64.Build.0 = Debug|Any CPU
		{EC0F7E27-9559-4BD3-B83C-BC71431A4ACC}.Debug|x86.ActiveCfg = Debug|Any CPU
		{EC0F7E27-9559-4BD3-B83C-BC71431A4ACC}.Debug|x86.Build.0 = Debug|Any CPU
		{EC0F7E27-9559-4BD3-B83C-BC71431A4ACC}.Release|Any CPU.ActiveCfg = Release|Any CPU
		{EC0F7E27-9559-4BD3-B83C-BC71431A4ACC}.Release|Any CPU.Build.0 = Release|Any CPU
		{EC0F7E27-9559-4BD3-B83C-BC71431A4ACC}.Release|x64.ActiveCfg = Release|Any CPU
		{EC0F7E27-9559-4BD3-B83C-BC71431A4ACC}.Release|x64.Build.0 = Release|Any CPU
		{EC0F7E27-9559-4BD3-B83C-BC71431A4ACC}.Release|x86.ActiveCfg = Release|Any CPU
		{EC0F7E27-9559-4BD3-B83C-BC71431A4ACC}.Release|x86.Build.0 = Release|Any CPU
		{A8CC29CD-356A-F3EF-E5DF-A8D86CE248D4}.Debug|Any CPU.ActiveCfg = Debug|Any CPU
		{A8CC29CD-356A-F3EF-E5DF-A8D86CE248D4}.Debug|Any CPU.Build.0 = Debug|Any CPU
		{A8CC29CD-356A-F3EF-E5DF-A8D86CE248D4}.Debug|x64.ActiveCfg = Debug|Any CPU
		{A8CC29CD-356A-F3EF-E5DF-A8D86CE248D4}.Debug|x64.Build.0 = Debug|Any CPU
		{A8CC29CD-356A-F3EF-E5DF-A8D86CE248D4}.Debug|x86.ActiveCfg = Debug|Any CPU
		{A8CC29CD-356A-F3EF-E5DF-A8D86CE248D4}.Debug|x86.Build.0 = Debug|Any CPU
		{A8CC29CD-356A-F3EF-E5DF-A8D86CE248D4}.Release|Any CPU.ActiveCfg = Release|Any CPU
		{A8CC29CD-356A-F3EF-E5DF-A8D86CE248D4}.Release|Any CPU.Build.0 = Release|Any CPU
		{A8CC29CD-356A-F3EF-E5DF-A8D86CE248D4}.Release|x64.ActiveCfg = Release|Any CPU
		{A8CC29CD-356A-F3EF-E5DF-A8D86CE248D4}.Release|x64.Build.0 = Release|Any CPU
		{A8CC29CD-356A-F3EF-E5DF-A8D86CE248D4}.Release|x86.ActiveCfg = Release|Any CPU
		{A8CC29CD-356A-F3EF-E5DF-A8D86CE248D4}.Release|x86.Build.0 = Release|Any CPU
		{BA7AEE3D-D7A0-F2B3-B6C8-834A3F953DEF}.Debug|Any CPU.ActiveCfg = Debug|Any CPU
		{BA7AEE3D-D7A0-F2B3-B6C8-834A3F953DEF}.Debug|Any CPU.Build.0 = Debug|Any CPU
		{BA7AEE3D-D7A0-F2B3-B6C8-834A3F953DEF}.Debug|x64.ActiveCfg = Debug|Any CPU
		{BA7AEE3D-D7A0-F2B3-B6C8-834A3F953DEF}.Debug|x64.Build.0 = Debug|Any CPU
		{BA7AEE3D-D7A0-F2B3-B6C8-834A3F953DEF}.Debug|x86.ActiveCfg = Debug|Any CPU
		{BA7AEE3D-D7A0-F2B3-B6C8-834A3F953DEF}.Debug|x86.Build.0 = Debug|Any CPU
		{BA7AEE3D-D7A0-F2B3-B6C8-834A3F953DEF}.Release|Any CPU.ActiveCfg = Release|Any CPU
		{BA7AEE3D-D7A0-F2B3-B6C8-834A3F953DEF}.Release|Any CPU.Build.0 = Release|Any CPU
		{BA7AEE3D-D7A0-F2B3-B6C8-834A3F953DEF}.Release|x64.ActiveCfg = Release|Any CPU
		{BA7AEE3D-D7A0-F2B3-B6C8-834A3F953DEF}.Release|x64.Build.0 = Release|Any CPU
		{BA7AEE3D-D7A0-F2B3-B6C8-834A3F953DEF}.Release|x86.ActiveCfg = Release|Any CPU
		{BA7AEE3D-D7A0-F2B3-B6C8-834A3F953DEF}.Release|x86.Build.0 = Release|Any CPU
		{7A251D4D-FAA2-A78A-52E2-9FB439276BE9}.Debug|Any CPU.ActiveCfg = Debug|Any CPU
		{7A251D4D-FAA2-A78A-52E2-9FB439276BE9}.Debug|Any CPU.Build.0 = Debug|Any CPU
		{7A251D4D-FAA2-A78A-52E2-9FB439276BE9}.Debug|x64.ActiveCfg = Debug|Any CPU
		{7A251D4D-FAA2-A78A-52E2-9FB439276BE9}.Debug|x64.Build.0 = Debug|Any CPU
		{7A251D4D-FAA2-A78A-52E2-9FB439276BE9}.Debug|x86.ActiveCfg = Debug|Any CPU
		{7A251D4D-FAA2-A78A-52E2-9FB439276BE9}.Debug|x86.Build.0 = Debug|Any CPU
		{7A251D4D-FAA2-A78A-52E2-9FB439276BE9}.Release|Any CPU.ActiveCfg = Release|Any CPU
		{7A251D4D-FAA2-A78A-52E2-9FB439276BE9}.Release|Any CPU.Build.0 = Release|Any CPU
		{7A251D4D-FAA2-A78A-52E2-9FB439276BE9}.Release|x64.ActiveCfg = Release|Any CPU
		{7A251D4D-FAA2-A78A-52E2-9FB439276BE9}.Release|x64.Build.0 = Release|Any CPU
		{7A251D4D-FAA2-A78A-52E2-9FB439276BE9}.Release|x86.ActiveCfg = Release|Any CPU
		{7A251D4D-FAA2-A78A-52E2-9FB439276BE9}.Release|x86.Build.0 = Release|Any CPU
		{BC150150-02C5-0192-A9BA-9C612624C073}.Debug|Any CPU.ActiveCfg = Debug|Any CPU
		{BC150150-02C5-0192-A9BA-9C612624C073}.Debug|Any CPU.Build.0 = Debug|Any CPU
		{BC150150-02C5-0192-A9BA-9C612624C073}.Debug|x64.ActiveCfg = Debug|Any CPU
		{BC150150-02C5-0192-A9BA-9C612624C073}.Debug|x64.Build.0 = Debug|Any CPU
		{BC150150-02C5-0192-A9BA-9C612624C073}.Debug|x86.ActiveCfg = Debug|Any CPU
		{BC150150-02C5-0192-A9BA-9C612624C073}.Debug|x86.Build.0 = Debug|Any CPU
		{BC150150-02C5-0192-A9BA-9C612624C073}.Release|Any CPU.ActiveCfg = Release|Any CPU
		{BC150150-02C5-0192-A9BA-9C612624C073}.Release|Any CPU.Build.0 = Release|Any CPU
		{BC150150-02C5-0192-A9BA-9C612624C073}.Release|x64.ActiveCfg = Release|Any CPU
		{BC150150-02C5-0192-A9BA-9C612624C073}.Release|x64.Build.0 = Release|Any CPU
		{BC150150-02C5-0192-A9BA-9C612624C073}.Release|x86.ActiveCfg = Release|Any CPU
		{BC150150-02C5-0192-A9BA-9C612624C073}.Release|x86.Build.0 = Release|Any CPU
		{39529037-991D-C786-37FB-CFA3475D34F1}.Debug|Any CPU.ActiveCfg = Debug|Any CPU
		{39529037-991D-C786-37FB-CFA3475D34F1}.Debug|Any CPU.Build.0 = Debug|Any CPU
		{39529037-991D-C786-37FB-CFA3475D34F1}.Debug|x64.ActiveCfg = Debug|Any CPU
		{39529037-991D-C786-37FB-CFA3475D34F1}.Debug|x64.Build.0 = Debug|Any CPU
		{39529037-991D-C786-37FB-CFA3475D34F1}.Debug|x86.ActiveCfg = Debug|Any CPU
		{39529037-991D-C786-37FB-CFA3475D34F1}.Debug|x86.Build.0 = Debug|Any CPU
		{39529037-991D-C786-37FB-CFA3475D34F1}.Release|Any CPU.ActiveCfg = Release|Any CPU
		{39529037-991D-C786-37FB-CFA3475D34F1}.Release|Any CPU.Build.0 = Release|Any CPU
		{39529037-991D-C786-37FB-CFA3475D34F1}.Release|x64.ActiveCfg = Release|Any CPU
		{39529037-991D-C786-37FB-CFA3475D34F1}.Release|x64.Build.0 = Release|Any CPU
		{39529037-991D-C786-37FB-CFA3475D34F1}.Release|x86.ActiveCfg = Release|Any CPU
		{39529037-991D-C786-37FB-CFA3475D34F1}.Release|x86.Build.0 = Release|Any CPU
		{02311656-C82F-4707-BADB-7272C8E039F1}.Debug|Any CPU.ActiveCfg = Debug|Any CPU
		{02311656-C82F-4707-BADB-7272C8E039F1}.Debug|Any CPU.Build.0 = Debug|Any CPU
		{02311656-C82F-4707-BADB-7272C8E039F1}.Debug|x64.ActiveCfg = Debug|Any CPU
		{02311656-C82F-4707-BADB-7272C8E039F1}.Debug|x64.Build.0 = Debug|Any CPU
		{02311656-C82F-4707-BADB-7272C8E039F1}.Debug|x86.ActiveCfg = Debug|Any CPU
		{02311656-C82F-4707-BADB-7272C8E039F1}.Debug|x86.Build.0 = Debug|Any CPU
		{02311656-C82F-4707-BADB-7272C8E039F1}.Release|Any CPU.ActiveCfg = Release|Any CPU
		{02311656-C82F-4707-BADB-7272C8E039F1}.Release|Any CPU.Build.0 = Release|Any CPU
		{02311656-C82F-4707-BADB-7272C8E039F1}.Release|x64.ActiveCfg = Release|Any CPU
		{02311656-C82F-4707-BADB-7272C8E039F1}.Release|x64.Build.0 = Release|Any CPU
		{02311656-C82F-4707-BADB-7272C8E039F1}.Release|x86.ActiveCfg = Release|Any CPU
		{02311656-C82F-4707-BADB-7272C8E039F1}.Release|x86.Build.0 = Release|Any CPU
		{DDCB0F26-9110-0D22-C293-283B92319DAA}.Debug|Any CPU.ActiveCfg = Debug|Any CPU
		{DDCB0F26-9110-0D22-C293-283B92319DAA}.Debug|Any CPU.Build.0 = Debug|Any CPU
		{DDCB0F26-9110-0D22-C293-283B92319DAA}.Debug|x64.ActiveCfg = Debug|Any CPU
		{DDCB0F26-9110-0D22-C293-283B92319DAA}.Debug|x64.Build.0 = Debug|Any CPU
		{DDCB0F26-9110-0D22-C293-283B92319DAA}.Debug|x86.ActiveCfg = Debug|Any CPU
		{DDCB0F26-9110-0D22-C293-283B92319DAA}.Debug|x86.Build.0 = Debug|Any CPU
		{DDCB0F26-9110-0D22-C293-283B92319DAA}.Release|Any CPU.ActiveCfg = Release|Any CPU
		{DDCB0F26-9110-0D22-C293-283B92319DAA}.Release|Any CPU.Build.0 = Release|Any CPU
		{DDCB0F26-9110-0D22-C293-283B92319DAA}.Release|x64.ActiveCfg = Release|Any CPU
		{DDCB0F26-9110-0D22-C293-283B92319DAA}.Release|x64.Build.0 = Release|Any CPU
		{DDCB0F26-9110-0D22-C293-283B92319DAA}.Release|x86.ActiveCfg = Release|Any CPU
		{DDCB0F26-9110-0D22-C293-283B92319DAA}.Release|x86.Build.0 = Release|Any CPU
		{520E7AF8-D45F-46D8-B711-52D1ECEE4BE7}.Debug|Any CPU.ActiveCfg = Debug|Any CPU
		{520E7AF8-D45F-46D8-B711-52D1ECEE4BE7}.Debug|Any CPU.Build.0 = Debug|Any CPU
		{520E7AF8-D45F-46D8-B711-52D1ECEE4BE7}.Debug|x64.ActiveCfg = Debug|Any CPU
		{520E7AF8-D45F-46D8-B711-52D1ECEE4BE7}.Debug|x64.Build.0 = Debug|Any CPU
		{520E7AF8-D45F-46D8-B711-52D1ECEE4BE7}.Debug|x86.ActiveCfg = Debug|Any CPU
		{520E7AF8-D45F-46D8-B711-52D1ECEE4BE7}.Debug|x86.Build.0 = Debug|Any CPU
		{520E7AF8-D45F-46D8-B711-52D1ECEE4BE7}.Release|Any CPU.ActiveCfg = Release|Any CPU
		{520E7AF8-D45F-46D8-B711-52D1ECEE4BE7}.Release|Any CPU.Build.0 = Release|Any CPU
		{520E7AF8-D45F-46D8-B711-52D1ECEE4BE7}.Release|x64.ActiveCfg = Release|Any CPU
		{520E7AF8-D45F-46D8-B711-52D1ECEE4BE7}.Release|x64.Build.0 = Release|Any CPU
		{520E7AF8-D45F-46D8-B711-52D1ECEE4BE7}.Release|x86.ActiveCfg = Release|Any CPU
		{520E7AF8-D45F-46D8-B711-52D1ECEE4BE7}.Release|x86.Build.0 = Release|Any CPU
		{36B615D4-B5DC-479C-8E8D-DF631477D555}.Debug|Any CPU.ActiveCfg = Debug|Any CPU
		{36B615D4-B5DC-479C-8E8D-DF631477D555}.Debug|Any CPU.Build.0 = Debug|Any CPU
		{36B615D4-B5DC-479C-8E8D-DF631477D555}.Debug|x64.ActiveCfg = Debug|Any CPU
		{36B615D4-B5DC-479C-8E8D-DF631477D555}.Debug|x64.Build.0 = Debug|Any CPU
		{36B615D4-B5DC-479C-8E8D-DF631477D555}.Debug|x86.ActiveCfg = Debug|Any CPU
		{36B615D4-B5DC-479C-8E8D-DF631477D555}.Debug|x86.Build.0 = Debug|Any CPU
		{36B615D4-B5DC-479C-8E8D-DF631477D555}.Release|Any CPU.ActiveCfg = Release|Any CPU
		{36B615D4-B5DC-479C-8E8D-DF631477D555}.Release|Any CPU.Build.0 = Release|Any CPU
		{36B615D4-B5DC-479C-8E8D-DF631477D555}.Release|x64.ActiveCfg = Release|Any CPU
		{36B615D4-B5DC-479C-8E8D-DF631477D555}.Release|x64.Build.0 = Release|Any CPU
		{36B615D4-B5DC-479C-8E8D-DF631477D555}.Release|x86.ActiveCfg = Release|Any CPU
		{36B615D4-B5DC-479C-8E8D-DF631477D555}.Release|x86.Build.0 = Release|Any CPU
		{B523F82D-93F9-4A9C-BE45-4AA6BF63B08B}.Debug|Any CPU.ActiveCfg = Debug|Any CPU
		{B523F82D-93F9-4A9C-BE45-4AA6BF63B08B}.Debug|Any CPU.Build.0 = Debug|Any CPU
		{B523F82D-93F9-4A9C-BE45-4AA6BF63B08B}.Debug|x64.ActiveCfg = Debug|Any CPU
		{B523F82D-93F9-4A9C-BE45-4AA6BF63B08B}.Debug|x64.Build.0 = Debug|Any CPU
		{B523F82D-93F9-4A9C-BE45-4AA6BF63B08B}.Debug|x86.ActiveCfg = Debug|Any CPU
		{B523F82D-93F9-4A9C-BE45-4AA6BF63B08B}.Debug|x86.Build.0 = Debug|Any CPU
		{B523F82D-93F9-4A9C-BE45-4AA6BF63B08B}.Release|Any CPU.ActiveCfg = Release|Any CPU
		{B523F82D-93F9-4A9C-BE45-4AA6BF63B08B}.Release|Any CPU.Build.0 = Release|Any CPU
		{B523F82D-93F9-4A9C-BE45-4AA6BF63B08B}.Release|x64.ActiveCfg = Release|Any CPU
		{B523F82D-93F9-4A9C-BE45-4AA6BF63B08B}.Release|x64.Build.0 = Release|Any CPU
		{B523F82D-93F9-4A9C-BE45-4AA6BF63B08B}.Release|x86.ActiveCfg = Release|Any CPU
		{B523F82D-93F9-4A9C-BE45-4AA6BF63B08B}.Release|x86.Build.0 = Release|Any CPU
	EndGlobalSection
	GlobalSection(SolutionProperties) = preSolution
		HideSolutionNode = FALSE
	EndGlobalSection
	GlobalSection(NestedProjects) = preSolution
		{A5F9B619-E8B3-47C7-9D1C-3A9B2F447201} = {319F5F97-04B7-4E30-881C-84106CEE0334}
		{A5F9B619-E8B3-47C7-9D1C-3A9B2F447202} = {319F5F97-04B7-4E30-881C-84106CEE0334}
		{A5F9B619-E8B3-47C7-9D1C-3A9B2F447203} = {319F5F97-04B7-4E30-881C-84106CEE0334}
		{A5F9B619-E8B3-47C7-9D1C-3A9B2F447205} = {319F5F97-04B7-4E30-881C-84106CEE0334}
		{8CE98300-260E-4E34-91C0-F8D3712F8440} = {A5F9B619-E8B3-47C7-9D1C-3A9B2F447202}
		{A2ECE983-3E48-4D97-A784-D8D26073FEB4} = {A5F9B619-E8B3-47C7-9D1C-3A9B2F447203}
		{EC0F7E27-9559-4BD3-B83C-BC71431A4ACC} = {A5F9B619-E8B3-47C7-9D1C-3A9B2F447201}
		{A8CC29CD-356A-F3EF-E5DF-A8D86CE248D4} = {A5F9B619-E8B3-47C7-9D1C-3A9B2F447202}
		{BA7AEE3D-D7A0-F2B3-B6C8-834A3F953DEF} = {EF999251-ED8C-499B-AA47-17F8E79163A0}
		{7A251D4D-FAA2-A78A-52E2-9FB439276BE9} = {EF999251-ED8C-499B-AA47-17F8E79163A0}
		{BC150150-02C5-0192-A9BA-9C612624C073} = {A5F9B619-E8B3-47C7-9D1C-3A9B2F447205}
		{39529037-991D-C786-37FB-CFA3475D34F1} = {EF999251-ED8C-499B-AA47-17F8E79163A0}
		{02311656-C82F-4707-BADB-7272C8E039F1} = {EF999251-ED8C-499B-AA47-17F8E79163A0}
		{DDCB0F26-9110-0D22-C293-283B92319DAA} = {EF999251-ED8C-499B-AA47-17F8E79163A0}
		{520E7AF8-D45F-46D8-B711-52D1ECEE4BE7} = {A5F9B619-E8B3-47C7-9D1C-3A9B2F447205}
		{36B615D4-B5DC-479C-8E8D-DF631477D555} = {EF999251-ED8C-499B-AA47-17F8E79163A0}
		{EF999251-ED8C-499B-AA47-17F8E79163A0} = {319F5F97-04B7-4E30-881C-84106CEE0334}
		{B523F82D-93F9-4A9C-BE45-4AA6BF63B08B} = {0AB3BF05-4346-4AA6-1389-037BE0695223}
	EndGlobalSection
	GlobalSection(ExtensibilityGlobals) = postSolution
		SolutionGuid = {1B248712-E218-4856-B766-472F553A8C7A}
	EndGlobalSection
EndGlobal
