Microsoft Visual Studio Solution File, Format Version 12.00
# Visual Studio Version 17
VisualStudioVersion = 17.0.31903.59
MinimumVisualStudioVersion = 10.0.40219.1
Project("{2150E333-8FDC-42A3-9474-1A3956D46DE8}") = "src", "src", "{827E0CD3-B72D-47B6-A68D-7590B98EB39B}"
EndProject
Project("{2150E333-8FDC-42A3-9474-1A3956D46DE8}") = "tests", "tests", "{0AB3BF05-4346-4AA6-1389-037BE0695223}"
EndProject
Project("{FAE04EC0-301F-11D3-BF4B-00C04F79EFBC}") = "MathComps.Api", "src\MathComps.Api\MathComps.Api.csproj", "{6A9B8EE4-6CB3-4B66-9630-60B9878C7213}"
EndProject
Project("{FAE04EC0-301F-11D3-BF4B-00C04F79EFBC}") = "MathComps.Infrastructure", "src\MathComps.Infrastructure\MathComps.Infrastructure.csproj", "{80A3D181-06E1-4545-AFBF-D03DBE7C7D1E}"
EndProject
Project("{FAE04EC0-301F-11D3-BF4B-00C04F79EFBC}") = "MathComps.Domain", "src\MathComps.Domain\MathComps.Domain.csproj", "{168833D5-80F5-40C3-AD6A-F3D9B4D2B617}"
EndProject
Project("{FAE04EC0-301F-11D3-BF4B-00C04F79EFBC}") = "MathComps.Shared", "src\MathComps.Shared\MathComps.Shared.csproj", "{A02BF72C-6333-4010-97AA-ADF0A519C706}"
EndProject
Project("{FAE04EC0-301F-11D3-BF4B-00C04F79EFBC}") = "MathComps.Cli.BulkImport", "src\MathComps.Cli.BulkImport\MathComps.Cli.BulkImport.csproj", "{D41D8DEB-F4E5-4D4D-AF45-FBF86C12A3AF}"
EndProject
Project("{FAE04EC0-301F-11D3-BF4B-00C04F79EFBC}") = "MathComps.Shared.Cli", "src\MathComps.Shared.Cli\MathComps.Shared.Cli.csproj", "{D9AB0BBD-287E-4A63-8EE8-D976986F3AA6}"
EndProject
Project("{FAE04EC0-301F-11D3-BF4B-00C04F79EFBC}") = "MathComps.TexParser", "src\MathComps.TexParser\MathComps.TexParser.csproj", "{D888A7AA-3BEC-4BC3-A4DC-B1355988BC46}"
EndProject
Project("{FAE04EC0-301F-11D3-BF4B-00C04F79EFBC}") = "MathComps.Cli.Embeddings", "src\MathComps.Cli.Embeddings\MathComps.Cli.Embeddings.csproj", "{53CA020E-7039-42D6-8A73-B87942927EB0}"
EndProject
Project("{FAE04EC0-301F-11D3-BF4B-00C04F79EFBC}") = "MathComps.Cli.Handouts", "src\MathComps.Cli.Handouts\MathComps.Cli.Handouts.csproj", "{C1C61055-0B39-46B4-B6CF-7F06AF631A55}"
EndProject
Project("{FAE04EC0-301F-11D3-BF4B-00C04F79EFBC}") = "MathComps.Cli.Similarity", "src\MathComps.Cli.Similarity\MathComps.Cli.Similarity.csproj", "{72601B8C-7A93-4250-9AB6-D7F073966AC5}"
EndProject
Project("{FAE04EC0-301F-11D3-BF4B-00C04F79EFBC}") = "MathComps.Cli.Tagging", "src\MathComps.Cli.Tagging\MathComps.Cli.Tagging.csproj", "{27478F2C-7A4D-4E9E-BE2D-418228DF4F50}"
EndProject
Project("{FAE04EC0-301F-11D3-BF4B-00C04F79EFBC}") = "MathComps.Cli.UserSync", "src\MathComps.Cli.UserSync\MathComps.Cli.UserSync.csproj", "{839D13D4-F3AE-49F3-AE1E-512E12E2AA10}"
EndProject
Project("{FAE04EC0-301F-11D3-BF4B-00C04F79EFBC}") = "MathComps.Cli.BulkImport.Tests", "tests\MathComps.Cli.BulkImport.Tests\MathComps.Cli.BulkImport.Tests.csproj", "{917E740A-A7FD-4EA7-AAD2-4960F064261E}"
EndProject
Project("{FAE04EC0-301F-11D3-BF4B-00C04F79EFBC}") = "MathComps.Infrastructure.Tests", "tests\MathComps.Infrastructure.Tests\MathComps.Infrastructure.Tests.csproj", "{6ABE37CC-0300-4AD6-B2CC-6BC44FA40EA1}"
EndProject
Project("{FAE04EC0-301F-11D3-BF4B-00C04F79EFBC}") = "MathComps.Shared.Tests", "tests\MathComps.Shared.Tests\MathComps.Shared.Tests.csproj", "{8E06C572-E8E9-48A7-96FC-86F13F4307B8}"
EndProject
Project("{FAE04EC0-301F-11D3-BF4B-00C04F79EFBC}") = "MathComps.Cli.Tagging.Tests", "tests\MathComps.Cli.Tagging.Tests\MathComps.Cli.Tagging.Tests.csproj", "{C3F45202-8CEE-4242-9500-5CAC699EE21A}"
EndProject
Project("{FAE04EC0-301F-11D3-BF4B-00C04F79EFBC}") = "MathComps.Domain.Tests", "tests\MathComps.Domain.Tests\MathComps.Domain.Tests.csproj", "{15336D2B-8911-4022-B8A9-F95310036403}"
EndProject
Project("{FAE04EC0-301F-11D3-BF4B-00C04F79EFBC}") = "MathComps.Cli.Examiner", "src\MathComps.Cli.Examiner\MathComps.Cli.Examiner.csproj", "{800B9B46-A4B0-4805-9D52-7EB20BF2AF1D}"
EndProject
Project("{FAE04EC0-301F-11D3-BF4B-00C04F79EFBC}") = "MathComps.Cli.Examiner.Tests", "tests\MathComps.Cli.Examiner.Tests\MathComps.Cli.Examiner.Tests.csproj", "{525BC626-2956-49A4-B755-A0397529F68B}"
EndProject
Project("{FAE04EC0-301F-11D3-BF4B-00C04F79EFBC}") = "MathComps.Api.Tests", "tests\MathComps.Api.Tests\MathComps.Api.Tests.csproj", "{26C77E6A-25F3-4528-B35B-37FA5AB3D0A3}"
EndProject
Global
	GlobalSection(SolutionConfigurationPlatforms) = preSolution
		Debug|Any CPU = Debug|Any CPU
		Debug|x64 = Debug|x64
		Debug|x86 = Debug|x86
		Release|Any CPU = Release|Any CPU
		Release|x64 = Release|x64
		Release|x86 = Release|x86
	EndGlobalSection
	GlobalSection(ProjectConfigurationPlatforms) = postSolution
		{6A9B8EE4-6CB3-4B66-9630-60B9878C7213}.Debug|Any CPU.ActiveCfg = Debug|Any CPU
		{6A9B8EE4-6CB3-4B66-9630-60B9878C7213}.Debug|Any CPU.Build.0 = Debug|Any CPU
		{6A9B8EE4-6CB3-4B66-9630-60B9878C7213}.Debug|x64.ActiveCfg = Debug|Any CPU
		{6A9B8EE4-6CB3-4B66-9630-60B9878C7213}.Debug|x64.Build.0 = Debug|Any CPU
		{6A9B8EE4-6CB3-4B66-9630-60B9878C7213}.Debug|x86.ActiveCfg = Debug|Any CPU
		{6A9B8EE4-6CB3-4B66-9630-60B9878C7213}.Debug|x86.Build.0 = Debug|Any CPU
		{6A9B8EE4-6CB3-4B66-9630-60B9878C7213}.Release|Any CPU.ActiveCfg = Release|Any CPU
		{6A9B8EE4-6CB3-4B66-9630-60B9878C7213}.Release|Any CPU.Build.0 = Release|Any CPU
		{6A9B8EE4-6CB3-4B66-9630-60B9878C7213}.Release|x64.ActiveCfg = Release|Any CPU
		{6A9B8EE4-6CB3-4B66-9630-60B9878C7213}.Release|x64.Build.0 = Release|Any CPU
		{6A9B8EE4-6CB3-4B66-9630-60B9878C7213}.Release|x86.ActiveCfg = Release|Any CPU
		{6A9B8EE4-6CB3-4B66-9630-60B9878C7213}.Release|x86.Build.0 = Release|Any CPU
		{80A3D181-06E1-4545-AFBF-D03DBE7C7D1E}.Debug|Any CPU.ActiveCfg = Debug|Any CPU
		{80A3D181-06E1-4545-AFBF-D03DBE7C7D1E}.Debug|Any CPU.Build.0 = Debug|Any CPU
		{80A3D181-06E1-4545-AFBF-D03DBE7C7D1E}.Debug|x64.ActiveCfg = Debug|Any CPU
		{80A3D181-06E1-4545-AFBF-D03DBE7C7D1E}.Debug|x64.Build.0 = Debug|Any CPU
		{80A3D181-06E1-4545-AFBF-D03DBE7C7D1E}.Debug|x86.ActiveCfg = Debug|Any CPU
		{80A3D181-06E1-4545-AFBF-D03DBE7C7D1E}.Debug|x86.Build.0 = Debug|Any CPU
		{80A3D181-06E1-4545-AFBF-D03DBE7C7D1E}.Release|Any CPU.ActiveCfg = Release|Any CPU
		{80A3D181-06E1-4545-AFBF-D03DBE7C7D1E}.Release|Any CPU.Build.0 = Release|Any CPU
		{80A3D181-06E1-4545-AFBF-D03DBE7C7D1E}.Release|x64.ActiveCfg = Release|Any CPU
		{80A3D181-06E1-4545-AFBF-D03DBE7C7D1E}.Release|x64.Build.0 = Release|Any CPU
		{80A3D181-06E1-4545-AFBF-D03DBE7C7D1E}.Release|x86.ActiveCfg = Release|Any CPU
		{80A3D181-06E1-4545-AFBF-D03DBE7C7D1E}.Release|x86.Build.0 = Release|Any CPU
		{168833D5-80F5-40C3-AD6A-F3D9B4D2B617}.Debug|Any CPU.ActiveCfg = Debug|Any CPU
		{168833D5-80F5-40C3-AD6A-F3D9B4D2B617}.Debug|Any CPU.Build.0 = Debug|Any CPU
		{168833D5-80F5-40C3-AD6A-F3D9B4D2B617}.Debug|x64.ActiveCfg = Debug|Any CPU
		{168833D5-80F5-40C3-AD6A-F3D9B4D2B617}.Debug|x64.Build.0 = Debug|Any CPU
		{168833D5-80F5-40C3-AD6A-F3D9B4D2B617}.Debug|x86.ActiveCfg = Debug|Any CPU
		{168833D5-80F5-40C3-AD6A-F3D9B4D2B617}.Debug|x86.Build.0 = Debug|Any CPU
		{168833D5-80F5-40C3-AD6A-F3D9B4D2B617}.Release|Any CPU.ActiveCfg = Release|Any CPU
		{168833D5-80F5-40C3-AD6A-F3D9B4D2B617}.Release|Any CPU.Build.0 = Release|Any CPU
		{168833D5-80F5-40C3-AD6A-F3D9B4D2B617}.Release|x64.ActiveCfg = Release|Any CPU
		{168833D5-80F5-40C3-AD6A-F3D9B4D2B617}.Release|x64.Build.0 = Release|Any CPU
		{168833D5-80F5-40C3-AD6A-F3D9B4D2B617}.Release|x86.ActiveCfg = Release|Any CPU
		{168833D5-80F5-40C3-AD6A-F3D9B4D2B617}.Release|x86.Build.0 = Release|Any CPU
		{A02BF72C-6333-4010-97AA-ADF0A519C706}.Debug|Any CPU.ActiveCfg = Debug|Any CPU
		{A02BF72C-6333-4010-97AA-ADF0A519C706}.Debug|Any CPU.Build.0 = Debug|Any CPU
		{A02BF72C-6333-4010-97AA-ADF0A519C706}.Debug|x64.ActiveCfg = Debug|Any CPU
		{A02BF72C-6333-4010-97AA-ADF0A519C706}.Debug|x64.Build.0 = Debug|Any CPU
		{A02BF72C-6333-4010-97AA-ADF0A519C706}.Debug|x86.ActiveCfg = Debug|Any CPU
		{A02BF72C-6333-4010-97AA-ADF0A519C706}.Debug|x86.Build.0 = Debug|Any CPU
		{A02BF72C-6333-4010-97AA-ADF0A519C706}.Release|Any CPU.ActiveCfg = Release|Any CPU
		{A02BF72C-6333-4010-97AA-ADF0A519C706}.Release|Any CPU.Build.0 = Release|Any CPU
		{A02BF72C-6333-4010-97AA-ADF0A519C706}.Release|x64.ActiveCfg = Release|Any CPU
		{A02BF72C-6333-4010-97AA-ADF0A519C706}.Release|x64.Build.0 = Release|Any CPU
		{A02BF72C-6333-4010-97AA-ADF0A519C706}.Release|x86.ActiveCfg = Release|Any CPU
		{A02BF72C-6333-4010-97AA-ADF0A519C706}.Release|x86.Build.0 = Release|Any CPU
		{D41D8DEB-F4E5-4D4D-AF45-FBF86C12A3AF}.Debug|Any CPU.ActiveCfg = Debug|Any CPU
		{D41D8DEB-F4E5-4D4D-AF45-FBF86C12A3AF}.Debug|Any CPU.Build.0 = Debug|Any CPU
		{D41D8DEB-F4E5-4D4D-AF45-FBF86C12A3AF}.Debug|x64.ActiveCfg = Debug|Any CPU
		{D41D8DEB-F4E5-4D4D-AF45-FBF86C12A3AF}.Debug|x64.Build.0 = Debug|Any CPU
		{D41D8DEB-F4E5-4D4D-AF45-FBF86C12A3AF}.Debug|x86.ActiveCfg = Debug|Any CPU
		{D41D8DEB-F4E5-4D4D-AF45-FBF86C12A3AF}.Debug|x86.Build.0 = Debug|Any CPU
		{D41D8DEB-F4E5-4D4D-AF45-FBF86C12A3AF}.Release|Any CPU.ActiveCfg = Release|Any CPU
		{D41D8DEB-F4E5-4D4D-AF45-FBF86C12A3AF}.Release|Any CPU.Build.0 = Release|Any CPU
		{D41D8DEB-F4E5-4D4D-AF45-FBF86C12A3AF}.Release|x64.ActiveCfg = Release|Any CPU
		{D41D8DEB-F4E5-4D4D-AF45-FBF86C12A3AF}.Release|x64.Build.0 = Release|Any CPU
		{D41D8DEB-F4E5-4D4D-AF45-FBF86C12A3AF}.Release|x86.ActiveCfg = Release|Any CPU
		{D41D8DEB-F4E5-4D4D-AF45-FBF86C12A3AF}.Release|x86.Build.0 = Release|Any CPU
		{D9AB0BBD-287E-4A63-8EE8-D976986F3AA6}.Debug|Any CPU.ActiveCfg = Debug|Any CPU
		{D9AB0BBD-287E-4A63-8EE8-D976986F3AA6}.Debug|Any CPU.Build.0 = Debug|Any CPU
		{D9AB0BBD-287E-4A63-8EE8-D976986F3AA6}.Debug|x64.ActiveCfg = Debug|Any CPU
		{D9AB0BBD-287E-4A63-8EE8-D976986F3AA6}.Debug|x64.Build.0 = Debug|Any CPU
		{D9AB0BBD-287E-4A63-8EE8-D976986F3AA6}.Debug|x86.ActiveCfg = Debug|Any CPU
		{D9AB0BBD-287E-4A63-8EE8-D976986F3AA6}.Debug|x86.Build.0 = Debug|Any CPU
		{D9AB0BBD-287E-4A63-8EE8-D976986F3AA6}.Release|Any CPU.ActiveCfg = Release|Any CPU
		{D9AB0BBD-287E-4A63-8EE8-D976986F3AA6}.Release|Any CPU.Build.0 = Release|Any CPU
		{D9AB0BBD-287E-4A63-8EE8-D976986F3AA6}.Release|x64.ActiveCfg = Release|Any CPU
		{D9AB0BBD-287E-4A63-8EE8-D976986F3AA6}.Release|x64.Build.0 = Release|Any CPU
		{D9AB0BBD-287E-4A63-8EE8-D976986F3AA6}.Release|x86.ActiveCfg = Release|Any CPU
		{D9AB0BBD-287E-4A63-8EE8-D976986F3AA6}.Release|x86.Build.0 = Release|Any CPU
		{D888A7AA-3BEC-4BC3-A4DC-B1355988BC46}.Debug|Any CPU.ActiveCfg = Debug|Any CPU
		{D888A7AA-3BEC-4BC3-A4DC-B1355988BC46}.Debug|Any CPU.Build.0 = Debug|Any CPU
		{D888A7AA-3BEC-4BC3-A4DC-B1355988BC46}.Debug|x64.ActiveCfg = Debug|Any CPU
		{D888A7AA-3BEC-4BC3-A4DC-B1355988BC46}.Debug|x64.Build.0 = Debug|Any CPU
		{D888A7AA-3BEC-4BC3-A4DC-B1355988BC46}.Debug|x86.ActiveCfg = Debug|Any CPU
		{D888A7AA-3BEC-4BC3-A4DC-B1355988BC46}.Debug|x86.Build.0 = Debug|Any CPU
		{D888A7AA-3BEC-4BC3-A4DC-B1355988BC46}.Release|Any CPU.ActiveCfg = Release|Any CPU
		{D888A7AA-3BEC-4BC3-A4DC-B1355988BC46}.Release|Any CPU.Build.0 = Release|Any CPU
		{D888A7AA-3BEC-4BC3-A4DC-B1355988BC46}.Release|x64.ActiveCfg = Release|Any CPU
		{D888A7AA-3BEC-4BC3-A4DC-B1355988BC46}.Release|x64.Build.0 = Release|Any CPU
		{D888A7AA-3BEC-4BC3-A4DC-B1355988BC46}.Release|x86.ActiveCfg = Release|Any CPU
		{D888A7AA-3BEC-4BC3-A4DC-B1355988BC46}.Release|x86.Build.0 = Release|Any CPU
		{53CA020E-7039-42D6-8A73-B87942927EB0}.Debug|Any CPU.ActiveCfg = Debug|Any CPU
		{53CA020E-7039-42D6-8A73-B87942927EB0}.Debug|Any CPU.Build.0 = Debug|Any CPU
		{53CA020E-7039-42D6-8A73-B87942927EB0}.Debug|x64.ActiveCfg = Debug|Any CPU
		{53CA020E-7039-42D6-8A73-B87942927EB0}.Debug|x64.Build.0 = Debug|Any CPU
		{53CA020E-7039-42D6-8A73-B87942927EB0}.Debug|x86.ActiveCfg = Debug|Any CPU
		{53CA020E-7039-42D6-8A73-B87942927EB0}.Debug|x86.Build.0 = Debug|Any CPU
		{53CA020E-7039-42D6-8A73-B87942927EB0}.Release|Any CPU.ActiveCfg = Release|Any CPU
		{53CA020E-7039-42D6-8A73-B87942927EB0}.Release|Any CPU.Build.0 = Release|Any CPU
		{53CA020E-7039-42D6-8A73-B87942927EB0}.Release|x64.ActiveCfg = Release|Any CPU
		{53CA020E-7039-42D6-8A73-B87942927EB0}.Release|x64.Build.0 = Release|Any CPU
		{53CA020E-7039-42D6-8A73-B87942927EB0}.Release|x86.ActiveCfg = Release|Any CPU
		{53CA020E-7039-42D6-8A73-B87942927EB0}.Release|x86.Build.0 = Release|Any CPU
		{C1C61055-0B39-46B4-B6CF-7F06AF631A55}.Debug|Any CPU.ActiveCfg = Debug|Any CPU
		{C1C61055-0B39-46B4-B6CF-7F06AF631A55}.Debug|Any CPU.Build.0 = Debug|Any CPU
		{C1C61055-0B39-46B4-B6CF-7F06AF631A55}.Debug|x64.ActiveCfg = Debug|Any CPU
		{C1C61055-0B39-46B4-B6CF-7F06AF631A55}.Debug|x64.Build.0 = Debug|Any CPU
		{C1C61055-0B39-46B4-B6CF-7F06AF631A55}.Debug|x86.ActiveCfg = Debug|Any CPU
		{C1C61055-0B39-46B4-B6CF-7F06AF631A55}.Debug|x86.Build.0 = Debug|Any CPU
		{C1C61055-0B39-46B4-B6CF-7F06AF631A55}.Release|Any CPU.ActiveCfg = Release|Any CPU
		{C1C61055-0B39-46B4-B6CF-7F06AF631A55}.Release|Any CPU.Build.0 = Release|Any CPU
		{C1C61055-0B39-46B4-B6CF-7F06AF631A55}.Release|x64.ActiveCfg = Release|Any CPU
		{C1C61055-0B39-46B4-B6CF-7F06AF631A55}.Release|x64.Build.0 = Release|Any CPU
		{C1C61055-0B39-46B4-B6CF-7F06AF631A55}.Release|x86.ActiveCfg = Release|Any CPU
		{C1C61055-0B39-46B4-B6CF-7F06AF631A55}.Release|x86.Build.0 = Release|Any CPU
		{72601B8C-7A93-4250-9AB6-D7F073966AC5}.Debug|Any CPU.ActiveCfg = Debug|Any CPU
		{72601B8C-7A93-4250-9AB6-D7F073966AC5}.Debug|Any CPU.Build.0 = Debug|Any CPU
		{72601B8C-7A93-4250-9AB6-D7F073966AC5}.Debug|x64.ActiveCfg = Debug|Any CPU
		{72601B8C-7A93-4250-9AB6-D7F073966AC5}.Debug|x64.Build.0 = Debug|Any CPU
		{72601B8C-7A93-4250-9AB6-D7F073966AC5}.Debug|x86.ActiveCfg = Debug|Any CPU
		{72601B8C-7A93-4250-9AB6-D7F073966AC5}.Debug|x86.Build.0 = Debug|Any CPU
		{72601B8C-7A93-4250-9AB6-D7F073966AC5}.Release|Any CPU.ActiveCfg = Release|Any CPU
		{72601B8C-7A93-4250-9AB6-D7F073966AC5}.Release|Any CPU.Build.0 = Release|Any CPU
		{72601B8C-7A93-4250-9AB6-D7F073966AC5}.Release|x64.ActiveCfg = Release|Any CPU
		{72601B8C-7A93-4250-9AB6-D7F073966AC5}.Release|x64.Build.0 = Release|Any CPU
		{72601B8C-7A93-4250-9AB6-D7F073966AC5}.Release|x86.ActiveCfg = Release|Any CPU
		{72601B8C-7A93-4250-9AB6-D7F073966AC5}.Release|x86.Build.0 = Release|Any CPU
		{27478F2C-7A4D-4E9E-BE2D-418228DF4F50}.Debug|Any CPU.ActiveCfg = Debug|Any CPU
		{27478F2C-7A4D-4E9E-BE2D-418228DF4F50}.Debug|Any CPU.Build.0 = Debug|Any CPU
		{27478F2C-7A4D-4E9E-BE2D-418228DF4F50}.Debug|x64.ActiveCfg = Debug|Any CPU
		{27478F2C-7A4D-4E9E-BE2D-418228DF4F50}.Debug|x64.Build.0 = Debug|Any CPU
		{27478F2C-7A4D-4E9E-BE2D-418228DF4F50}.Debug|x86.ActiveCfg = Debug|Any CPU
		{27478F2C-7A4D-4E9E-BE2D-418228DF4F50}.Debug|x86.Build.0 = Debug|Any CPU
		{27478F2C-7A4D-4E9E-BE2D-418228DF4F50}.Release|Any CPU.ActiveCfg = Release|Any CPU
		{27478F2C-7A4D-4E9E-BE2D-418228DF4F50}.Release|Any CPU.Build.0 = Release|Any CPU
		{27478F2C-7A4D-4E9E-BE2D-418228DF4F50}.Release|x64.ActiveCfg = Release|Any CPU
		{27478F2C-7A4D-4E9E-BE2D-418228DF4F50}.Release|x64.Build.0 = Release|Any CPU
		{27478F2C-7A4D-4E9E-BE2D-418228DF4F50}.Release|x86.ActiveCfg = Release|Any CPU
		{27478F2C-7A4D-4E9E-BE2D-418228DF4F50}.Release|x86.Build.0 = Release|Any CPU
		{839D13D4-F3AE-49F3-AE1E-512E12E2AA10}.Debug|Any CPU.ActiveCfg = Debug|Any CPU
		{839D13D4-F3AE-49F3-AE1E-512E12E2AA10}.Debug|Any CPU.Build.0 = Debug|Any CPU
		{839D13D4-F3AE-49F3-AE1E-512E12E2AA10}.Debug|x64.ActiveCfg = Debug|Any CPU
		{839D13D4-F3AE-49F3-AE1E-512E12E2AA10}.Debug|x64.Build.0 = Debug|Any CPU
		{839D13D4-F3AE-49F3-AE1E-512E12E2AA10}.Debug|x86.ActiveCfg = Debug|Any CPU
		{839D13D4-F3AE-49F3-AE1E-512E12E2AA10}.Debug|x86.Build.0 = Debug|Any CPU
		{839D13D4-F3AE-49F3-AE1E-512E12E2AA10}.Release|Any CPU.ActiveCfg = Release|Any CPU
		{839D13D4-F3AE-49F3-AE1E-512E12E2AA10}.Release|Any CPU.Build.0 = Release|Any CPU
		{839D13D4-F3AE-49F3-AE1E-512E12E2AA10}.Release|x64.ActiveCfg = Release|Any CPU
		{839D13D4-F3AE-49F3-AE1E-512E12E2AA10}.Release|x64.Build.0 = Release|Any CPU
		{839D13D4-F3AE-49F3-AE1E-512E12E2AA10}.Release|x86.ActiveCfg = Release|Any CPU
		{839D13D4-F3AE-49F3-AE1E-512E12E2AA10}.Release|x86.Build.0 = Release|Any CPU
		{917E740A-A7FD-4EA7-AAD2-4960F064261E}.Debug|Any CPU.ActiveCfg = Debug|Any CPU
		{917E740A-A7FD-4EA7-AAD2-4960F064261E}.Debug|Any CPU.Build.0 = Debug|Any CPU
		{917E740A-A7FD-4EA7-AAD2-4960F064261E}.Debug|x64.ActiveCfg = Debug|Any CPU
		{917E740A-A7FD-4EA7-AAD2-4960F064261E}.Debug|x64.Build.0 = Debug|Any CPU
		{917E740A-A7FD-4EA7-AAD2-4960F064261E}.Debug|x86.ActiveCfg = Debug|Any CPU
		{917E740A-A7FD-4EA7-AAD2-4960F064261E}.Debug|x86.Build.0 = Debug|Any CPU
		{917E740A-A7FD-4EA7-AAD2-4960F064261E}.Release|Any CPU.ActiveCfg = Release|Any CPU
		{917E740A-A7FD-4EA7-AAD2-4960F064261E}.Release|Any CPU.Build.0 = Release|Any CPU
		{917E740A-A7FD-4EA7-AAD2-4960F064261E}.Release|x64.ActiveCfg = Release|Any CPU
		{917E740A-A7FD-4EA7-AAD2-4960F064261E}.Release|x64.Build.0 = Release|Any CPU
		{917E740A-A7FD-4EA7-AAD2-4960F064261E}.Release|x86.ActiveCfg = Release|Any CPU
		{917E740A-A7FD-4EA7-AAD2-4960F064261E}.Release|x86.Build.0 = Release|Any CPU
		{6ABE37CC-0300-4AD6-B2CC-6BC44FA40EA1}.Debug|Any CPU.ActiveCfg = Debug|Any CPU
		{6ABE37CC-0300-4AD6-B2CC-6BC44FA40EA1}.Debug|Any CPU.Build.0 = Debug|Any CPU
		{6ABE37CC-0300-4AD6-B2CC-6BC44FA40EA1}.Debug|x64.ActiveCfg = Debug|Any CPU
		{6ABE37CC-0300-4AD6-B2CC-6BC44FA40EA1}.Debug|x64.Build.0 = Debug|Any CPU
		{6ABE37CC-0300-4AD6-B2CC-6BC44FA40EA1}.Debug|x86.ActiveCfg = Debug|Any CPU
		{6ABE37CC-0300-4AD6-B2CC-6BC44FA40EA1}.Debug|x86.Build.0 = Debug|Any CPU
		{6ABE37CC-0300-4AD6-B2CC-6BC44FA40EA1}.Release|Any CPU.ActiveCfg = Release|Any CPU
		{6ABE37CC-0300-4AD6-B2CC-6BC44FA40EA1}.Release|Any CPU.Build.0 = Release|Any CPU
		{6ABE37CC-0300-4AD6-B2CC-6BC44FA40EA1}.Release|x64.ActiveCfg = Release|Any CPU
		{6ABE37CC-0300-4AD6-B2CC-6BC44FA40EA1}.Release|x64.Build.0 = Release|Any CPU
		{6ABE37CC-0300-4AD6-B2CC-6BC44FA40EA1}.Release|x86.ActiveCfg = Release|Any CPU
		{6ABE37CC-0300-4AD6-B2CC-6BC44FA40EA1}.Release|x86.Build.0 = Release|Any CPU
		{8E06C572-E8E9-48A7-96FC-86F13F4307B8}.Debug|Any CPU.ActiveCfg = Debug|Any CPU
		{8E06C572-E8E9-48A7-96FC-86F13F4307B8}.Debug|Any CPU.Build.0 = Debug|Any CPU
		{8E06C572-E8E9-48A7-96FC-86F13F4307B8}.Debug|x64.ActiveCfg = Debug|Any CPU
		{8E06C572-E8E9-48A7-96FC-86F13F4307B8}.Debug|x64.Build.0 = Debug|Any CPU
		{8E06C572-E8E9-48A7-96FC-86F13F4307B8}.Debug|x86.ActiveCfg = Debug|Any CPU
		{8E06C572-E8E9-48A7-96FC-86F13F4307B8}.Debug|x86.Build.0 = Debug|Any CPU
		{8E06C572-E8E9-48A7-96FC-86F13F4307B8}.Release|Any CPU.ActiveCfg = Release|Any CPU
		{8E06C572-E8E9-48A7-96FC-86F13F4307B8}.Release|Any CPU.Build.0 = Release|Any CPU
		{8E06C572-E8E9-48A7-96FC-86F13F4307B8}.Release|x64.ActiveCfg = Release|Any CPU
		{8E06C572-E8E9-48A7-96FC-86F13F4307B8}.Release|x64.Build.0 = Release|Any CPU
		{8E06C572-E8E9-48A7-96FC-86F13F4307B8}.Release|x86.ActiveCfg = Release|Any CPU
		{8E06C572-E8E9-48A7-96FC-86F13F4307B8}.Release|x86.Build.0 = Release|Any CPU
		{C3F45202-8CEE-4242-9500-5CAC699EE21A}.Debug|Any CPU.ActiveCfg = Debug|Any CPU
		{C3F45202-8CEE-4242-9500-5CAC699EE21A}.Debug|Any CPU.Build.0 = Debug|Any CPU
		{C3F45202-8CEE-4242-9500-5CAC699EE21A}.Debug|x64.ActiveCfg = Debug|Any CPU
		{C3F45202-8CEE-4242-9500-5CAC699EE21A}.Debug|x64.Build.0 = Debug|Any CPU
		{C3F45202-8CEE-4242-9500-5CAC699EE21A}.Debug|x86.ActiveCfg = Debug|Any CPU
		{C3F45202-8CEE-4242-9500-5CAC699EE21A}.Debug|x86.Build.0 = Debug|Any CPU
		{C3F45202-8CEE-4242-9500-5CAC699EE21A}.Release|Any CPU.ActiveCfg = Release|Any CPU
		{C3F45202-8CEE-4242-9500-5CAC699EE21A}.Release|Any CPU.Build.0 = Release|Any CPU
		{C3F45202-8CEE-4242-9500-5CAC699EE21A}.Release|x64.ActiveCfg = Release|Any CPU
		{C3F45202-8CEE-4242-9500-5CAC699EE21A}.Release|x64.Build.0 = Release|Any CPU
		{C3F45202-8CEE-4242-9500-5CAC699EE21A}.Release|x86.ActiveCfg = Release|Any CPU
		{C3F45202-8CEE-4242-9500-5CAC699EE21A}.Release|x86.Build.0 = Release|Any CPU
		{15336D2B-8911-4022-B8A9-F95310036403}.Debug|Any CPU.ActiveCfg = Debug|Any CPU
		{15336D2B-8911-4022-B8A9-F95310036403}.Debug|Any CPU.Build.0 = Debug|Any CPU
		{15336D2B-8911-4022-B8A9-F95310036403}.Debug|x64.ActiveCfg = Debug|Any CPU
		{15336D2B-8911-4022-B8A9-F95310036403}.Debug|x64.Build.0 = Debug|Any CPU
		{15336D2B-8911-4022-B8A9-F95310036403}.Debug|x86.ActiveCfg = Debug|Any CPU
		{15336D2B-8911-4022-B8A9-F95310036403}.Debug|x86.Build.0 = Debug|Any CPU
		{15336D2B-8911-4022-B8A9-F95310036403}.Release|Any CPU.ActiveCfg = Release|Any CPU
		{15336D2B-8911-4022-B8A9-F95310036403}.Release|Any CPU.Build.0 = Release|Any CPU
		{15336D2B-8911-4022-B8A9-F95310036403}.Release|x64.ActiveCfg = Release|Any CPU
		{15336D2B-8911-4022-B8A9-F95310036403}.Release|x64.Build.0 = Release|Any CPU
		{15336D2B-8911-4022-B8A9-F95310036403}.Release|x86.ActiveCfg = Release|Any CPU
		{15336D2B-8911-4022-B8A9-F95310036403}.Release|x86.Build.0 = Release|Any CPU
		{800B9B46-A4B0-4805-9D52-7EB20BF2AF1D}.Debug|Any CPU.ActiveCfg = Debug|Any CPU
		{800B9B46-A4B0-4805-9D52-7EB20BF2AF1D}.Debug|Any CPU.Build.0 = Debug|Any CPU
		{800B9B46-A4B0-4805-9D52-7EB20BF2AF1D}.Debug|x64.ActiveCfg = Debug|Any CPU
		{800B9B46-A4B0-4805-9D52-7EB20BF2AF1D}.Debug|x64.Build.0 = Debug|Any CPU
		{800B9B46-A4B0-4805-9D52-7EB20BF2AF1D}.Debug|x86.ActiveCfg = Debug|Any CPU
		{800B9B46-A4B0-4805-9D52-7EB20BF2AF1D}.Debug|x86.Build.0 = Debug|Any CPU
		{800B9B46-A4B0-4805-9D52-7EB20BF2AF1D}.Release|Any CPU.ActiveCfg = Release|Any CPU
		{800B9B46-A4B0-4805-9D52-7EB20BF2AF1D}.Release|Any CPU.Build.0 = Release|Any CPU
		{800B9B46-A4B0-4805-9D52-7EB20BF2AF1D}.Release|x64.ActiveCfg = Release|Any CPU
		{800B9B46-A4B0-4805-9D52-7EB20BF2AF1D}.Release|x64.Build.0 = Release|Any CPU
		{800B9B46-A4B0-4805-9D52-7EB20BF2AF1D}.Release|x86.ActiveCfg = Release|Any CPU
		{800B9B46-A4B0-4805-9D52-7EB20BF2AF1D}.Release|x86.Build.0 = Release|Any CPU
		{525BC626-2956-49A4-B755-A0397529F68B}.Debug|Any CPU.ActiveCfg = Debug|Any CPU
		{525BC626-2956-49A4-B755-A0397529F68B}.Debug|Any CPU.Build.0 = Debug|Any CPU
		{525BC626-2956-49A4-B755-A0397529F68B}.Debug|x64.ActiveCfg = Debug|Any CPU
		{525BC626-2956-49A4-B755-A0397529F68B}.Debug|x64.Build.0 = Debug|Any CPU
		{525BC626-2956-49A4-B755-A0397529F68B}.Debug|x86.ActiveCfg = Debug|Any CPU
		{525BC626-2956-49A4-B755-A0397529F68B}.Debug|x86.Build.0 = Debug|Any CPU
		{525BC626-2956-49A4-B755-A0397529F68B}.Release|Any CPU.ActiveCfg = Release|Any CPU
		{525BC626-2956-49A4-B755-A0397529F68B}.Release|Any CPU.Build.0 = Release|Any CPU
		{525BC626-2956-49A4-B755-A0397529F68B}.Release|x64.ActiveCfg = Release|Any CPU
		{525BC626-2956-49A4-B755-A0397529F68B}.Release|x64.Build.0 = Release|Any CPU
		{525BC626-2956-49A4-B755-A0397529F68B}.Release|x86.ActiveCfg = Release|Any CPU
		{525BC626-2956-49A4-B755-A0397529F68B}.Release|x86.Build.0 = Release|Any CPU
		{26C77E6A-25F3-4528-B35B-37FA5AB3D0A3}.Debug|Any CPU.ActiveCfg = Debug|Any CPU
		{26C77E6A-25F3-4528-B35B-37FA5AB3D0A3}.Debug|Any CPU.Build.0 = Debug|Any CPU
		{26C77E6A-25F3-4528-B35B-37FA5AB3D0A3}.Debug|x64.ActiveCfg = Debug|Any CPU
		{26C77E6A-25F3-4528-B35B-37FA5AB3D0A3}.Debug|x64.Build.0 = Debug|Any CPU
		{26C77E6A-25F3-4528-B35B-37FA5AB3D0A3}.Debug|x86.ActiveCfg = Debug|Any CPU
		{26C77E6A-25F3-4528-B35B-37FA5AB3D0A3}.Debug|x86.Build.0 = Debug|Any CPU
		{26C77E6A-25F3-4528-B35B-37FA5AB3D0A3}.Release|Any CPU.ActiveCfg = Release|Any CPU
		{26C77E6A-25F3-4528-B35B-37FA5AB3D0A3}.Release|Any CPU.Build.0 = Release|Any CPU
		{26C77E6A-25F3-4528-B35B-37FA5AB3D0A3}.Release|x64.ActiveCfg = Release|Any CPU
		{26C77E6A-25F3-4528-B35B-37FA5AB3D0A3}.Release|x64.Build.0 = Release|Any CPU
		{26C77E6A-25F3-4528-B35B-37FA5AB3D0A3}.Release|x86.ActiveCfg = Release|Any CPU
		{26C77E6A-25F3-4528-B35B-37FA5AB3D0A3}.Release|x86.Build.0 = Release|Any CPU
	EndGlobalSection
	GlobalSection(SolutionProperties) = preSolution
		HideSolutionNode = FALSE
	EndGlobalSection
	GlobalSection(NestedProjects) = preSolution
		{6A9B8EE4-6CB3-4B66-9630-60B9878C7213} = {827E0CD3-B72D-47B6-A68D-7590B98EB39B}
		{80A3D181-06E1-4545-AFBF-D03DBE7C7D1E} = {827E0CD3-B72D-47B6-A68D-7590B98EB39B}
		{168833D5-80F5-40C3-AD6A-F3D9B4D2B617} = {827E0CD3-B72D-47B6-A68D-7590B98EB39B}
		{A02BF72C-6333-4010-97AA-ADF0A519C706} = {827E0CD3-B72D-47B6-A68D-7590B98EB39B}
		{D41D8DEB-F4E5-4D4D-AF45-FBF86C12A3AF} = {827E0CD3-B72D-47B6-A68D-7590B98EB39B}
		{D9AB0BBD-287E-4A63-8EE8-D976986F3AA6} = {827E0CD3-B72D-47B6-A68D-7590B98EB39B}
		{D888A7AA-3BEC-4BC3-A4DC-B1355988BC46} = {827E0CD3-B72D-47B6-A68D-7590B98EB39B}
		{53CA020E-7039-42D6-8A73-B87942927EB0} = {827E0CD3-B72D-47B6-A68D-7590B98EB39B}
		{C1C61055-0B39-46B4-B6CF-7F06AF631A55} = {827E0CD3-B72D-47B6-A68D-7590B98EB39B}
		{72601B8C-7A93-4250-9AB6-D7F073966AC5} = {827E0CD3-B72D-47B6-A68D-7590B98EB39B}
		{27478F2C-7A4D-4E9E-BE2D-418228DF4F50} = {827E0CD3-B72D-47B6-A68D-7590B98EB39B}
		{839D13D4-F3AE-49F3-AE1E-512E12E2AA10} = {827E0CD3-B72D-47B6-A68D-7590B98EB39B}
		{917E740A-A7FD-4EA7-AAD2-4960F064261E} = {0AB3BF05-4346-4AA6-1389-037BE0695223}
		{6ABE37CC-0300-4AD6-B2CC-6BC44FA40EA1} = {0AB3BF05-4346-4AA6-1389-037BE0695223}
		{8E06C572-E8E9-48A7-96FC-86F13F4307B8} = {0AB3BF05-4346-4AA6-1389-037BE0695223}
		{C3F45202-8CEE-4242-9500-5CAC699EE21A} = {0AB3BF05-4346-4AA6-1389-037BE0695223}
		{15336D2B-8911-4022-B8A9-F95310036403} = {0AB3BF05-4346-4AA6-1389-037BE0695223}
		{800B9B46-A4B0-4805-9D52-7EB20BF2AF1D} = {827E0CD3-B72D-47B6-A68D-7590B98EB39B}
		{525BC626-2956-49A4-B755-A0397529F68B} = {0AB3BF05-4346-4AA6-1389-037BE0695223}
		{26C77E6A-25F3-4528-B35B-37FA5AB3D0A3} = {0AB3BF05-4346-4AA6-1389-037BE0695223}
	EndGlobalSection
EndGlobal
