
Microsoft Visual Studio Solution File, Format Version 12.00
# Visual Studio Version 17
VisualStudioVersion = 17.0.31903.59
MinimumVisualStudioVersion = 10.0.40219.1
Project("{FAE04EC0-301F-11D3-BF4B-00C04F79EFBC}") = "MathComps.Api", "src\MathComps.Api\MathComps.Api.csproj", "{6A9B8EE4-6CB3-4B66-9630-60B9878C7213}"
EndProject
Project("{FAE04EC0-301F-11D3-BF4B-00C04F79EFBC}") = "MathComps.Infrastructure", "src\MathComps.Infrastructure\MathComps.Infrastructure.csproj", "{80A3D181-06E1-4545-AFBF-D03DBE7C7D1E}"
EndProject
Project("{FAE04EC0-301F-11D3-BF4B-00C04F79EFBC}") = "MathComps.Domain", "src\MathComps.Domain\MathComps.Domain.csproj", "{168833D5-80F5-40C3-AD6A-F3D9B4D2B617}"
EndProject
Project("{FAE04EC0-301F-11D3-BF4B-00C04F79EFBC}") = "MathComps.Shared", "src\MathComps.Shared\MathComps.Shared.csproj", "{A02BF72C-6333-4010-97AA-ADF0A519C706}"
EndProject
Project("{FAE04EC0-301F-11D3-BF4B-00C04F79EFBC}") = "MathComps.Cli.BulkImport", "src\MathComps.Cli.BulkImport\MathComps.Cli.BulkImport.csproj", "{D41D8DEB-F4E5-4D4D-AF45-FBF86C12A3AF}"
EndProject
Project("{FAE04EC0-301F-11D3-BF4B-00C04F79EFBC}") = "MathComps.Shared.Cli", "src\MathComps.Shared.Cli\MathComps.Shared.Cli.csproj", "{D9AB0BBD-287E-4A63-8EE8-D976986F3AA6}"
EndProject
Project("{FAE04EC0-301F-11D3-BF4B-00C04F79EFBC}") = "MathComps.Cli.DatabaseSeeder", "src\MathComps.Cli.DatabaseSeeder\MathComps.Cli.DatabaseSeeder.csproj", "{00BE12C1-4330-476B-BD13-D30119457EDF}"
EndProject
Project("{FAE04EC0-301F-11D3-BF4B-00C04F79EFBC}") = "MathComps.Cli.SkmoParser", "src\MathComps.Cli.SkmoParser\MathComps.Cli.SkmoParser.csproj", "{6248845A-3AE5-4AAC-A855-91A2F5EC544A}"
EndProject
Project("{FAE04EC0-301F-11D3-BF4B-00C04F79EFBC}") = "MathComps.TexParser", "src\MathComps.TexParser\MathComps.TexParser.csproj", "{D888A7AA-3BEC-4BC3-A4DC-B1355988BC46}"
EndProject
Project("{FAE04EC0-301F-11D3-BF4B-00C04F79EFBC}") = "MathComps.Cli.Embeddings", "src\MathComps.Cli.Embeddings\MathComps.Cli.Embeddings.csproj", "{53CA020E-7039-42D6-8A73-B87942927EB0}"
EndProject
Project("{FAE04EC0-301F-11D3-BF4B-00C04F79EFBC}") = "MathComps.Cli.Handouts", "src\MathComps.Cli.Handouts\MathComps.Cli.Handouts.csproj", "{C1C61055-0B39-46B4-B6CF-7F06AF631A55}"
EndProject
Project("{FAE04EC0-301F-11D3-BF4B-00C04F79EFBC}") = "MathComps.Cli.Similarity", "src\MathComps.Cli.Similarity\MathComps.Cli.Similarity.csproj", "{72601B8C-7A93-4250-9AB6-D7F073966AC5}"
EndProject
Project("{FAE04EC0-301F-11D3-BF4B-00C04F79EFBC}") = "MathComps.Cli.SkmoScraper", "src\MathComps.Cli.SkmoScraper\MathComps.Cli.SkmoScraper.csproj", "{78FFCB1F-B4F4-4333-8B88-634AD3F2303F}"
EndProject
Project("{FAE04EC0-301F-11D3-BF4B-00C04F79EFBC}") = "MathComps.Cli.Tagging", "src\MathComps.Cli.Tagging\MathComps.Cli.Tagging.csproj", "{27478F2C-7A4D-4E9E-BE2D-418228DF4F50}"
EndProject
Project("{FAE04EC0-301F-11D3-BF4B-00C04F79EFBC}") = "MathComps.Cli.Translation", "src\MathComps.Cli.Translation\MathComps.Cli.Translation.csproj", "{9C016E13-EAE5-4873-800D-9494847691DE}"
EndProject
Project("{FAE04EC0-301F-11D3-BF4B-00C04F79EFBC}") = "MathComps.Cli.UserSync", "src\MathComps.Cli.UserSync\MathComps.Cli.UserSync.csproj", "{839D13D4-F3AE-49F3-AE1E-512E12E2AA10}"
EndProject
Project("{FAE04EC0-301F-11D3-BF4B-00C04F79EFBC}") = "MathComps.Cli.BulkImport.Tests", "tests\MathComps.Cli.BulkImport.Tests\MathComps.Cli.BulkImport.Tests.csproj", "{917E740A-A7FD-4EA7-AAD2-4960F064261E}"
EndProject
Project("{FAE04EC0-301F-11D3-BF4B-00C04F79EFBC}") = "MathComps.Infrastructure.Tests", "tests\MathComps.Infrastructure.Tests\MathComps.Infrastructure.Tests.csproj", "{6ABE37CC-0300-4AD6-B2CC-6BC44FA40EA1}"
EndProject
Project("{FAE04EC0-301F-11D3-BF4B-00C04F79EFBC}") = "MathComps.Shared.Tests", "tests\MathComps.Shared.Tests\MathComps.Shared.Tests.csproj", "{8E06C572-E8E9-48A7-96FC-86F13F4307B8}"
EndProject
Global
	GlobalSection(SolutionConfigurationPlatforms) = preSolution
		Debug|Any CPU = Debug|Any CPU
		Debug|x64 = Debug|x64
		Debug|x86 = Debug|x86
		Release|Any CPU = Release|Any CPU
		Release|x64 = Release|x64
		Release|x86 = Release|x86
	EndGlobalSection
	GlobalSection(ProjectConfigurationPlatforms) = postSolution
		{6A9B8EE4-6CB3-4B66-9630-60B9878C7213}.Debug|Any CPU.ActiveCfg = Debug|Any CPU
		{6A9B8EE4-6CB3-4B66-9630-60B9878C7213}.Debug|Any CPU.Build.0 = Debug|Any CPU
		{6A9B8EE4-6CB3-4B66-9630-60B9878C7213}.Debug|x64.ActiveCfg = Debug|Any CPU
		{6A9B8EE4-6CB3-4B66-9630-60B9878C7213}.Debug|x64.Build.0 = Debug|Any CPU
		{6A9B8EE4-6CB3-4B66-9630-60B9878C7213}.Debug|x86.ActiveCfg = Debug|Any CPU
		{6A9B8EE4-6CB3-4B66-9630-60B9878C7213}.Debug|x86.Build.0 = Debug|Any CPU
		{6A9B8EE4-6CB3-4B66-9630-60B9878C7213}.Release|Any CPU.ActiveCfg = Release|Any CPU
		{6A9B8EE4-6CB3-4B66-9630-60B9878C7213}.Release|Any CPU.Build.0 = Release|Any CPU
		{6A9B8EE4-6CB3-4B66-9630-60B9878C7213}.Release|x64.ActiveCfg = Release|Any CPU
		{6A9B8EE4-6CB3-4B66-9630-60B9878C7213}.Release|x64.Build.0 = Release|Any CPU
		{6A9B8EE4-6CB3-4B66-9630-60B9878C7213}.Release|x86.ActiveCfg = Release|Any CPU
		{6A9B8EE4-6CB3-4B66-9630-60B9878C7213}.Release|x86.Build.0 = Release|Any CPU
		{80A3D181-06E1-4545-AFBF-D03DBE7C7D1E}.Debug|Any CPU.ActiveCfg = Debug|Any CPU
		{80A3D181-06E1-4545-AFBF-D03DBE7C7D1E}.Debug|Any CPU.Build.0 = Debug|Any CPU
		{80A3D181-06E1-4545-AFBF-D03DBE7C7D1E}.Debug|x64.ActiveCfg = Debug|Any CPU
		{80A3D181-06E1-4545-AFBF-D03DBE7C7D1E}.Debug|x64.Build.0 = Debug|Any CPU
		{80A3D181-06E1-4545-AFBF-D03DBE7C7D1E}.Debug|x86.ActiveCfg = Debug|Any CPU
		{80A3D181-06E1-4545-AFBF-D03DBE7C7D1E}.Debug|x86.Build.0 = Debug|Any CPU
		{80A3D181-06E1-4545-AFBF-D03DBE7C7D1E}.Release|Any CPU.ActiveCfg = Release|Any CPU
		{80A3D181-06E1-4545-AFBF-D03DBE7C7D1E}.Release|Any CPU.Build.0 = Release|Any CPU
		{80A3D181-06E1-4545-AFBF-D03DBE7C7D1E}.Release|x64.ActiveCfg = Release|Any CPU
		{80A3D181-06E1-4545-AFBF-D03DBE7C7D1E}.Release|x64.Build.0 = Release|Any CPU
		{80A3D181-06E1-4545-AFBF-D03DBE7C7D1E}.Release|x86.ActiveCfg = Release|Any CPU
		{80A3D181-06E1-4545-AFBF-D03DBE7C7D1E}.Release|x86.Build.0 = Release|Any CPU
		{168833D5-80F5-40C3-AD6A-F3D9B4D2B617}.Debug|Any CPU.ActiveCfg = Debug|Any CPU
		{168833D5-80F5-40C3-AD6A-F3D9B4D2B617}.Debug|Any CPU.Build.0 = Debug|Any CPU
		{168833D5-80F5-40C3-AD6A-F3D9B4D2B617}.Debug|x64.ActiveCfg = Debug|Any CPU
		{168833D5-80F5-40C3-AD6A-F3D9B4D2B617}.Debug|x64.Build.0 = Debug|Any CPU
		{168833D5-80F5-40C3-AD6A-F3D9B4D2B617}.Debug|x86.ActiveCfg = Debug|Any CPU
		{168833D5-80F5-40C3-AD6A-F3D9B4D2B617}.Debug|x86.Build.0 = Debug|Any CPU
		{168833D5-80F5-40C3-AD6A-F3D9B4D2B617}.Release|Any CPU.ActiveCfg = Release|Any CPU
		{168833D5-80F5-40C3-AD6A-F3D9B4D2B617}.Release|Any CPU.Build.0 = Release|Any CPU
		{168833D5-80F5-40C3-AD6A-F3D9B4D2B617}.Release|x64.ActiveCfg = Release|Any CPU
		{168833D5-80F5-40C3-AD6A-F3D9B4D2B617}.Release|x64.Build.0 = Release|Any CPU
		{168833D5-80F5-40C3-AD6A-F3D9B4D2B617}.Release|x86.ActiveCfg = Release|Any CPU
		{168833D5-80F5-40C3-AD6A-F3D9B4D2B617}.Release|x86.Build.0 = Release|Any CPU
		{A02BF72C-6333-4010-97AA-ADF0A519C706}.Debug|Any CPU.ActiveCfg = Debug|Any CPU
		{A02BF72C-6333-4010-97AA-ADF0A519C706}.Debug|Any CPU.Build.0 = Debug|Any CPU
		{A02BF72C-6333-4010-97AA-ADF0A519C706}.Debug|x64.ActiveCfg = Debug|Any CPU
		{A02BF72C-6333-4010-97AA-ADF0A519C706}.Debug|x64.Build.0 = Debug|Any CPU
		{A02BF72C-6333-4010-97AA-ADF0A519C706}.Debug|x86.ActiveCfg = Debug|Any CPU
		{A02BF72C-6333-4010-97AA-ADF0A519C706}.Debug|x86.Build.0 = Debug|Any CPU
		{A02BF72C-6333-4010-97AA-ADF0A519C706}.Release|Any CPU.ActiveCfg = Release|Any CPU
		{A02BF72C-6333-4010-97AA-ADF0A519C706}.Release|Any CPU.Build.0 = Release|Any CPU
		{A02BF72C-6333-4010-97AA-ADF0A519C706}.Release|x64.ActiveCfg = Release|Any CPU
		{A02BF72C-6333-4010-97AA-ADF0A519C706}.Release|x64.Build.0 = Release|Any CPU
		{A02BF72C-6333-4010-97AA-ADF0A519C706}.Release|x86.ActiveCfg = Release|Any CPU
		{A02BF72C-6333-4010-97AA-ADF0A519C706}.Release|x86.Build.0 = Release|Any CPU
		{D41D8DEB-F4E5-4D4D-AF45-FBF86C12A3AF}.Debug|Any CPU.ActiveCfg = Debug|Any CPU
		{D41D8DEB-F4E5-4D4D-AF45-FBF86C12A3AF}.Debug|Any CPU.Build.0 = Debug|Any CPU
		{D41D8DEB-F4E5-4D4D-AF45-FBF86C12A3AF}.Debug|x64.ActiveCfg = Debug|Any CPU
		{D41D8DEB-F4E5-4D4D-AF45-FBF86C12A3AF}.Debug|x64.Build.0 = Debug|Any CPU
		{D41D8DEB-F4E5-4D4D-AF45-FBF86C12A3AF}.Debug|x86.ActiveCfg = Debug|Any CPU
		{D41D8DEB-F4E5-4D4D-AF45-FBF86C12A3AF}.Debug|x86.Build.0 = Debug|Any CPU
		{D41D8DEB-F4E5-4D4D-AF45-FBF86C12A3AF}.Release|Any CPU.ActiveCfg = Release|Any CPU
		{D41D8DEB-F4E5-4D4D-AF45-FBF86C12A3AF}.Release|Any CPU.Build.0 = Release|Any CPU
		{D41D8DEB-F4E5-4D4D-AF45-FBF86C12A3AF}.Release|x64.ActiveCfg = Release|Any CPU
		{D41D8DEB-F4E5-4D4D-AF45-FBF86C12A3AF}.Release|x64.Build.0 = Release|Any CPU
		{D41D8DEB-F4E5-4D4D-AF45-FBF86C12A3AF}.Release|x86.ActiveCfg = Release|Any CPU
		{D41D8DEB-F4E5-4D4D-AF45-FBF86C12A3AF}.Release|x86.Build.0 = Release|Any CPU
		{D9AB0BBD-287E-4A63-8EE8-D976986F3AA6}.Debug|Any CPU.ActiveCfg = Debug|Any CPU
		{D9AB0BBD-287E-4A63-8EE8-D976986F3AA6}.Debug|Any CPU.Build.0 = Debug|Any CPU
		{D9AB0BBD-287E-4A63-8EE8-D976986F3AA6}.Debug|x64.ActiveCfg = Debug|Any CPU
		{D9AB0BBD-287E-4A63-8EE8-D976986F3AA6}.Debug|x64.Build.0 = Debug|Any CPU
		{D9AB0BBD-287E-4A63-8EE8-D976986F3AA6}.Debug|x86.ActiveCfg = Debug|Any CPU
		{D9AB0BBD-287E-4A63-8EE8-D976986F3AA6}.Debug|x86.Build.0 = Debug|Any CPU
		{D9AB0BBD-287E-4A63-8EE8-D976986F3AA6}.Release|Any CPU.ActiveCfg = Release|Any CPU
		{D9AB0BBD-287E-4A63-8EE8-D976986F3AA6}.Release|Any CPU.Build.0 = Release|Any CPU
		{D9AB0BBD-287E-4A63-8EE8-D976986F3AA6}.Release|x64.ActiveCfg = Release|Any CPU
		{D9AB0BBD-287E-4A63-8EE8-D976986F3AA6}.Release|x64.Build.0 = Release|Any CPU
		{D9AB0BBD-287E-4A63-8EE8-D976986F3AA6}.Release|x86.ActiveCfg = Release|Any CPU
		{D9AB0BBD-287E-4A63-8EE8-D976986F3AA6}.Release|x86.Build.0 = Release|Any CPU
		{00BE12C1-4330-476B-BD13-D30119457EDF}.Debug|Any CPU.ActiveCfg = Debug|Any CPU
		{00BE12C1-4330-476B-BD13-D30119457EDF}.Debug|Any CPU.Build.0 = Debug|Any CPU
		{00BE12C1-4330-476B-BD13-D30119457EDF}.Debug|x64.ActiveCfg = Debug|Any CPU
		{00BE12C1-4330-476B-BD13-D30119457EDF}.Debug|x64.Build.0 = Debug|Any CPU
		{00BE12C1-4330-476B-BD13-D30119457EDF}.Debug|x86.ActiveCfg = Debug|Any CPU
		{00BE12C1-4330-476B-BD13-D30119457EDF}.Debug|x86.Build.0 = Debug|Any CPU
		{00BE12C1-4330-476B-BD13-D30119457EDF}.Release|Any CPU.ActiveCfg = Release|Any CPU
		{00BE12C1-4330-476B-BD13-D30119457EDF}.Release|Any CPU.Build.0 = Release|Any CPU
		{00BE12C1-4330-476B-BD13-D30119457EDF}.Release|x64.ActiveCfg = Release|Any CPU
		{00BE12C1-4330-476B-BD13-D30119457EDF}.Release|x64.Build.0 = Release|Any CPU
		{00BE12C1-4330-476B-BD13-D30119457EDF}.Release|x86.ActiveCfg = Release|Any CPU
		{00BE12C1-4330-476B-BD13-D30119457EDF}.Release|x86.Build.0 = Release|Any CPU
		{6248845A-3AE5-4AAC-A855-91A2F5EC544A}.Debug|Any CPU.ActiveCfg = Debug|Any CPU
		{6248845A-3AE5-4AAC-A855-91A2F5EC544A}.Debug|Any CPU.Build.0 = Debug|Any CPU
		{6248845A-3AE5-4AAC-A855-91A2F5EC544A}.Debug|x64.ActiveCfg = Debug|Any CPU
		{6248845A-3AE5-4AAC-A855-91A2F5EC544A}.Debug|x64.Build.0 = Debug|Any CPU
		{6248845A-3AE5-4AAC-A855-91A2F5EC544A}.Debug|x86.ActiveCfg = Debug|Any CPU
		{6248845A-3AE5-4AAC-A855-91A2F5EC544A}.Debug|x86.Build.0 = Debug|Any CPU
		{6248845A-3AE5-4AAC-A855-91A2F5EC544A}.Release|Any CPU.ActiveCfg = Release|Any CPU
		{6248845A-3AE5-4AAC-A855-91A2F5EC544A}.Release|Any CPU.Build.0 = Release|Any CPU
		{6248845A-3AE5-4AAC-A855-91A2F5EC544A}.Release|x64.ActiveCfg = Release|Any CPU
		{6248845A-3AE5-4AAC-A855-91A2F5EC544A}.Release|x64.Build.0 = Release|Any CPU
		{6248845A-3AE5-4AAC-A855-91A2F5EC544A}.Release|x86.ActiveCfg = Release|Any CPU
		{6248845A-3AE5-4AAC-A855-91A2F5EC544A}.Release|x86.Build.0 = Release|Any CPU
		{D888A7AA-3BEC-4BC3-A4DC-B1355988BC46}.Debug|Any CPU.ActiveCfg = Debug|Any CPU
		{D888A7AA-3BEC-4BC3-A4DC-B1355988BC46}.Debug|Any CPU.Build.0 = Debug|Any CPU
		{D888A7AA-3BEC-4BC3-A4DC-B1355988BC46}.Debug|x64.ActiveCfg = Debug|Any CPU
		{D888A7AA-3BEC-4BC3-A4DC-B1355988BC46}.Debug|x64.Build.0 = Debug|Any CPU
		{D888A7AA-3BEC-4BC3-A4DC-B1355988BC46}.Debug|x86.ActiveCfg = Debug|Any CPU
		{D888A7AA-3BEC-4BC3-A4DC-B1355988BC46}.Debug|x86.Build.0 = Debug|Any CPU
		{D888A7AA-3BEC-4BC3-A4DC-B1355988BC46}.Release|Any CPU.ActiveCfg = Release|Any CPU
		{D888A7AA-3BEC-4BC3-A4DC-B1355988BC46}.Release|Any CPU.Build.0 = Release|Any CPU
		{D888A7AA-3BEC-4BC3-A4DC-B1355988BC46}.Release|x64.ActiveCfg = Release|Any CPU
		{D888A7AA-3BEC-4BC3-A4DC-B1355988BC46}.Release|x64.Build.0 = Release|Any CPU
		{D888A7AA-3BEC-4BC3-A4DC-B1355988BC46}.Release|x86.ActiveCfg = Release|Any CPU
		{D888A7AA-3BEC-4BC3-A4DC-B1355988BC46}.Release|x86.Build.0 = Release|Any CPU
		{53CA020E-7039-42D6-8A73-B87942927EB0}.Debug|Any CPU.ActiveCfg = Debug|Any CPU
		{53CA020E-7039-42D6-8A73-B87942927EB0}.Debug|Any CPU.Build.0 = Debug|Any CPU
		{53CA020E-7039-42D6-8A73-B87942927EB0}.Debug|x64.ActiveCfg = Debug|Any CPU
		{53CA020E-7039-42D6-8A73-B87942927EB0}.Debug|x64.Build.0 = Debug|Any CPU
		{53CA020E-7039-42D6-8A73-B87942927EB0}.Debug|x86.ActiveCfg = Debug|Any CPU
		{53CA020E-7039-42D6-8A73-B87942927EB0}.Debug|x86.Build.0 = Debug|Any CPU
		{53CA020E-7039-42D6-8A73-B87942927EB0}.Release|Any CPU.ActiveCfg = Release|Any CPU
		{53CA020E-7039-42D6-8A73-B87942927EB0}.Release|Any CPU.Build.0 = Release|Any CPU
		{53CA020E-7039-42D6-8A73-B87942927EB0}.Release|x64.ActiveCfg = Release|Any CPU
		{53CA020E-7039-42D6-8A73-B87942927EB0}.Release|x64.Build.0 = Release|Any CPU
		{53CA020E-7039-42D6-8A73-B87942927EB0}.Release|x86.ActiveCfg = Release|Any CPU
		{53CA020E-7039-42D6-8A73-B87942927EB0}.Release|x86.Build.0 = Release|Any CPU
		{C1C61055-0B39-46B4-B6CF-7F06AF631A55}.Debug|Any CPU.ActiveCfg = Debug|Any CPU
		{C1C61055-0B39-46B4-B6CF-7F06AF631A55}.Debug|Any CPU.Build.0 = Debug|Any CPU
		{C1C61055-0B39-46B4-B6CF-7F06AF631A55}.Debug|x64.ActiveCfg = Debug|Any CPU
		{C1C61055-0B39-46B4-B6CF-7F06AF631A55}.Debug|x64.Build.0 = Debug|Any CPU
		{C1C61055-0B39-46B4-B6CF-7F06AF631A55}.Debug|x86.ActiveCfg = Debug|Any CPU
		{C1C61055-0B39-46B4-B6CF-7F06AF631A55}.Debug|x86.Build.0 = Debug|Any CPU
		{C1C61055-0B39-46B4-B6CF-7F06AF631A55}.Release|Any CPU.ActiveCfg = Release|Any CPU
		{C1C61055-0B39-46B4-B6CF-7F06AF631A55}.Release|Any CPU.Build.0 = Release|Any CPU
		{C1C61055-0B39-46B4-B6CF-7F06AF631A55}.Release|x64.ActiveCfg = Release|Any CPU
		{C1C61055-0B39-46B4-B6CF-7F06AF631A55}.Release|x64.Build.0 = Release|Any CPU
		{C1C61055-0B39-46B4-B6CF-7F06AF631A55}.Release|x86.ActiveCfg = Release|Any CPU
		{C1C61055-0B39-46B4-B6CF-7F06AF631A55}.Release|x86.Build.0 = Release|Any CPU
		{72601B8C-7A93-4250-9AB6-D7F073966AC5}.Debug|Any CPU.ActiveCfg = Debug|Any CPU
		{72601B8C-7A93-4250-9AB6-D7F073966AC5}.Debug|Any CPU.Build.0 = Debug|Any CPU
		{72601B8C-7A93-4250-9AB6-D7F073966AC5}.Debug|x64.ActiveCfg = Debug|Any CPU
		{72601B8C-7A93-4250-9AB6-D7F073966AC5}.Debug|x64.Build.0 = Debug|Any CPU
		{72601B8C-7A93-4250-9AB6-D7F073966AC5}.Debug|x86.ActiveCfg = Debug|Any CPU
		{72601B8C-7A93-4250-9AB6-D7F073966AC5}.Debug|x86.Build.0 = Debug|Any CPU
		{72601B8C-7A93-4250-9AB6-D7F073966AC5}.Release|Any CPU.ActiveCfg = Release|Any CPU
		{72601B8C-7A93-4250-9AB6-D7F073966AC5}.Release|Any CPU.Build.0 = Release|Any CPU
		{72601B8C-7A93-4250-9AB6-D7F073966AC5}.Release|x64.ActiveCfg = Release|Any CPU
		{72601B8C-7A93-4250-9AB6-D7F073966AC5}.Release|x64.Build.0 = Release|Any CPU
		{72601B8C-7A93-4250-9AB6-D7F073966AC5}.Release|x86.ActiveCfg = Release|Any CPU
		{72601B8C-7A93-4250-9AB6-D7F073966AC5}.Release|x86.Build.0 = Release|Any CPU
		{78FFCB1F-B4F4-4333-8B88-634AD3F2303F}.Debug|Any CPU.ActiveCfg = Debug|Any CPU
		{78FFCB1F-B4F4-4333-8B88-634AD3F2303F}.Debug|Any CPU.Build.0 = Debug|Any CPU
		{78FFCB1F-B4F4-4333-8B88-634AD3F2303F}.Debug|x64.ActiveCfg = Debug|Any CPU
		{78FFCB1F-B4F4-4333-8B88-634AD3F2303F}.Debug|x64.Build.0 = Debug|Any CPU
		{78FFCB1F-B4F4-4333-8B88-634AD3F2303F}.Debug|x86.ActiveCfg = Debug|Any CPU
		{78FFCB1F-B4F4-4333-8B88-634AD3F2303F}.Debug|x86.Build.0 = Debug|Any CPU
		{78FFCB1F-B4F4-4333-8B88-634AD3F2303F}.Release|Any CPU.ActiveCfg = Release|Any CPU
		{78FFCB1F-B4F4-4333-8B88-634AD3F2303F}.Release|Any CPU.Build.0 = Release|Any CPU
		{78FFCB1F-B4F4-4333-8B88-634AD3F2303F}.Release|x64.ActiveCfg = Release|Any CPU
		{78FFCB1F-B4F4-4333-8B88-634AD3F2303F}.Release|x64.Build.0 = Release|Any CPU
		{78FFCB1F-B4F4-4333-8B88-634AD3F2303F}.Release|x86.ActiveCfg = Release|Any CPU
		{78FFCB1F-B4F4-4333-8B88-634AD3F2303F}.Release|x86.Build.0 = Release|Any CPU
		{27478F2C-7A4D-4E9E-BE2D-418228DF4F50}.Debug|Any CPU.ActiveCfg = Debug|Any CPU
		{27478F2C-7A4D-4E9E-BE2D-418228DF4F50}.Debug|Any CPU.Build.0 = Debug|Any CPU
		{27478F2C-7A4D-4E9E-BE2D-418228DF4F50}.Debug|x64.ActiveCfg = Debug|Any CPU
		{27478F2C-7A4D-4E9E-BE2D-418228DF4F50}.Debug|x64.Build.0 = Debug|Any CPU
		{27478F2C-7A4D-4E9E-BE2D-418228DF4F50}.Debug|x86.ActiveCfg = Debug|Any CPU
		{27478F2C-7A4D-4E9E-BE2D-418228DF4F50}.Debug|x86.Build.0 = Debug|Any CPU
		{27478F2C-7A4D-4E9E-BE2D-418228DF4F50}.Release|Any CPU.ActiveCfg = Release|Any CPU
		{27478F2C-7A4D-4E9E-BE2D-418228DF4F50}.Release|Any CPU.Build.0 = Release|Any CPU
		{27478F2C-7A4D-4E9E-BE2D-418228DF4F50}.Release|x64.ActiveCfg = Release|Any CPU
		{27478F2C-7A4D-4E9E-BE2D-418228DF4F50}.Release|x64.Build.0 = Release|Any CPU
		{27478F2C-7A4D-4E9E-BE2D-418228DF4F50}.Release|x86.ActiveCfg = Release|Any CPU
		{27478F2C-7A4D-4E9E-BE2D-418228DF4F50}.Release|x86.Build.0 = Release|Any CPU
		{9C016E13-EAE5-4873-800D-9494847691DE}.Debug|Any CPU.ActiveCfg = Debug|Any CPU
		{9C016E13-EAE5-4873-800D-9494847691DE}.Debug|Any CPU.Build.0 = Debug|Any CPU
		{9C016E13-EAE5-4873-800D-9494847691DE}.Debug|x64.ActiveCfg = Debug|Any CPU
		{9C016E13-EAE5-4873-800D-9494847691DE}.Debug|x64.Build.0 = Debug|Any CPU
		{9C016E13-EAE5-4873-800D-9494847691DE}.Debug|x86.ActiveCfg = Debug|Any CPU
		{9C016E13-EAE5-4873-800D-9494847691DE}.Debug|x86.Build.0 = Debug|Any CPU
		{9C016E13-EAE5-4873-800D-9494847691DE}.Release|Any CPU.ActiveCfg = Release|Any CPU
		{9C016E13-EAE5-4873-800D-9494847691DE}.Release|Any CPU.Build.0 = Release|Any CPU
		{9C016E13-EAE5-4873-800D-9494847691DE}.Release|x64.ActiveCfg = Release|Any CPU
		{9C016E13-EAE5-4873-800D-9494847691DE}.Release|x64.Build.0 = Release|Any CPU
		{9C016E13-EAE5-4873-800D-9494847691DE}.Release|x86.ActiveCfg = Release|Any CPU
		{9C016E13-EAE5-4873-800D-9494847691DE}.Release|x86.Build.0 = Release|Any CPU
		{839D13D4-F3AE-49F3-AE1E-512E12E2AA10}.Debug|Any CPU.ActiveCfg = Debug|Any CPU
		{839D13D4-F3AE-49F3-AE1E-512E12E2AA10}.Debug|Any CPU.Build.0 = Debug|Any CPU
		{839D13D4-F3AE-49F3-AE1E-512E12E2AA10}.Debug|x64.ActiveCfg = Debug|Any CPU
		{839D13D4-F3AE-49F3-AE1E-512E12E2AA10}.Debug|x64.Build.0 = Debug|Any CPU
		{839D13D4-F3AE-49F3-AE1E-512E12E2AA10}.Debug|x86.ActiveCfg = Debug|Any CPU
		{839D13D4-F3AE-49F3-AE1E-512E12E2AA10}.Debug|x86.Build.0 = Debug|Any CPU
		{839D13D4-F3AE-49F3-AE1E-512E12E2AA10}.Release|Any CPU.ActiveCfg = Release|Any CPU
		{839D13D4-F3AE-49F3-AE1E-512E12E2AA10}.Release|Any CPU.Build.0 = Release|Any CPU
		{839D13D4-F3AE-49F3-AE1E-512E12E2AA10}.Release|x64.ActiveCfg = Release|Any CPU
		{839D13D4-F3AE-49F3-AE1E-512E12E2AA10}.Release|x64.Build.0 = Release|Any CPU
		{839D13D4-F3AE-49F3-AE1E-512E12E2AA10}.Release|x86.ActiveCfg = Release|Any CPU
		{839D13D4-F3AE-49F3-AE1E-512E12E2AA10}.Release|x86.Build.0 = Release|Any CPU
		{917E740A-A7FD-4EA7-AAD2-4960F064261E}.Debug|Any CPU.ActiveCfg = Debug|Any CPU
		{917E740A-A7FD-4EA7-AAD2-4960F064261E}.Debug|Any CPU.Build.0 = Debug|Any CPU
		{917E740A-A7FD-4EA7-AAD2-4960F064261E}.Debug|x64.ActiveCfg = Debug|Any CPU
		{917E740A-A7FD-4EA7-AAD2-4960F064261E}.Debug|x64.Build.0 = Debug|Any CPU
		{917E740A-A7FD-4EA7-AAD2-4960F064261E}.Debug|x86.ActiveCfg = Debug|Any CPU
		{917E740A-A7FD-4EA7-AAD2-4960F064261E}.Debug|x86.Build.0 = Debug|Any CPU
		{917E740A-A7FD-4EA7-AAD2-4960F064261E}.Release|Any CPU.ActiveCfg = Release|Any CPU
		{917E740A-A7FD-4EA7-AAD2-4960F064261E}.Release|Any CPU.Build.0 = Release|Any CPU
		{917E740A-A7FD-4EA7-AAD2-4960F064261E}.Release|x64.ActiveCfg = Release|Any CPU
		{917E740A-A7FD-4EA7-AAD2-4960F064261E}.Release|x64.Build.0 = Release|Any CPU
		{917E740A-A7FD-4EA7-AAD2-4960F064261E}.Release|x86.ActiveCfg = Release|Any CPU
		{917E740A-A7FD-4EA7-AAD2-4960F064261E}.Release|x86.Build.0 = Release|Any CPU
		{6ABE37CC-0300-4AD6-B2CC-6BC44FA40EA1}.Debug|Any CPU.ActiveCfg = Debug|Any CPU
		{6ABE37CC-0300-4AD6-B2CC-6BC44FA40EA1}.Debug|Any CPU.Build.0 = Debug|Any CPU
		{6ABE37CC-0300-4AD6-B2CC-6BC44FA40EA1}.Debug|x64.ActiveCfg = Debug|Any CPU
		{6ABE37CC-0300-4AD6-B2CC-6BC44FA40EA1}.Debug|x64.Build.0 = Debug|Any CPU
		{6ABE37CC-0300-4AD6-B2CC-6BC44FA40EA1}.Debug|x86.ActiveCfg = Debug|Any CPU
		{6ABE37CC-0300-4AD6-B2CC-6BC44FA40EA1}.Debug|x86.Build.0 = Debug|Any CPU
		{6ABE37CC-0300-4AD6-B2CC-6BC44FA40EA1}.Release|Any CPU.ActiveCfg = Release|Any CPU
		{6ABE37CC-0300-4AD6-B2CC-6BC44FA40EA1}.Release|Any CPU.Build.0 = Release|Any CPU
		{6ABE37CC-0300-4AD6-B2CC-6BC44FA40EA1}.Release|x64.ActiveCfg = Release|Any CPU
		{6ABE37CC-0300-4AD6-B2CC-6BC44FA40EA1}.Release|x64.Build.0 = Release|Any CPU
		{6ABE37CC-0300-4AD6-B2CC-6BC44FA40EA1}.Release|x86.ActiveCfg = Release|Any CPU
		{6ABE37CC-0300-4AD6-B2CC-6BC44FA40EA1}.Release|x86.Build.0 = Release|Any CPU
		{8E06C572-E8E9-48A7-96FC-86F13F4307B8}.Debug|Any CPU.ActiveCfg = Debug|Any CPU
		{8E06C572-E8E9-48A7-96FC-86F13F4307B8}.Debug|Any CPU.Build.0 = Debug|Any CPU
		{8E06C572-E8E9-48A7-96FC-86F13F4307B8}.Debug|x64.ActiveCfg = Debug|Any CPU
		{8E06C572-E8E9-48A7-96FC-86F13F4307B8}.Debug|x64.Build.0 = Debug|Any CPU
		{8E06C572-E8E9-48A7-96FC-86F13F4307B8}.Debug|x86.ActiveCfg = Debug|Any CPU
		{8E06C572-E8E9-48A7-96FC-86F13F4307B8}.Debug|x86.Build.0 = Debug|Any CPU
		{8E06C572-E8E9-48A7-96FC-86F13F4307B8}.Release|Any CPU.ActiveCfg = Release|Any CPU
		{8E06C572-E8E9-48A7-96FC-86F13F4307B8}.Release|Any CPU.Build.0 = Release|Any CPU
		{8E06C572-E8E9-48A7-96FC-86F13F4307B8}.Release|x64.ActiveCfg = Release|Any CPU
		{8E06C572-E8E9-48A7-96FC-86F13F4307B8}.Release|x64.Build.0 = Release|Any CPU
		{8E06C572-E8E9-48A7-96FC-86F13F4307B8}.Release|x86.ActiveCfg = Release|Any CPU
		{8E06C572-E8E9-48A7-96FC-86F13F4307B8}.Release|x86.Build.0 = Release|Any CPU
	EndGlobalSection
	GlobalSection(SolutionProperties) = preSolution
		HideSolutionNode = FALSE
	EndGlobalSection
EndGlobal
